// !$*UTF8*$!
{
	archiveVersion = 1;
	classes = {
	};
	objectVersion = 46;
	objects = {

/* Begin PBXBuildFile section */
		225B5E327E65BE322E93B3F1 /* (null) in Frameworks */ = {isa = PBXBuildFile; };
		248CB1636918B420B3EACB75 /* (null) in Frameworks */ = {isa = PBXBuildFile; };
		27F3346B4D05FBFD7EFF5E44 /* (null) in Frameworks */ = {isa = PBXBuildFile; };
		4565604F7F124D516C6291A4 /* (null) in Frameworks */ = {isa = PBXBuildFile; };
		60B9C98F4D9DC1BA4068387E /* libPods.a in Frameworks */ = {isa = PBXBuildFile; fileRef = F94F961D70BBD72F8425C8A6 /* libPods.a */; };
		633C7F37E20B21B30F1E4154 /* libPods.a in Frameworks */ = {isa = PBXBuildFile; fileRef = F94F961D70BBD72F8425C8A6 /* libPods.a */; };
		8D27FFDFCA73D3C4F45F6A0B /* (null) in Frameworks */ = {isa = PBXBuildFile; };
		9B9E0212EE093325885AE1C5 /* (null) in Frameworks */ = {isa = PBXBuildFile; };
		C1B0B6E8979F3C5470972540 /* (null) in Frameworks */ = {isa = PBXBuildFile; };
		C40D0ECB9026FD447EBC3153 /* (null) in Frameworks */ = {isa = PBXBuildFile; };
		CD9259BFAB455B0FA48C98F9 /* libPods.a in Frameworks */ = {isa = PBXBuildFile; fileRef = F94F961D70BBD72F8425C8A6 /* libPods.a */; };
		FB01DEEF1BE4088600E240E7 /* main.m in Sources */ = {isa = PBXBuildFile; fileRef = FB01DEEE1BE4088600E240E7 /* main.m */; };
		FB01DEF21BE4088600E240E7 /* ECBAppDelegate.m in Sources */ = {isa = PBXBuildFile; fileRef = FB01DEF11BE4088600E240E7 /* ECBAppDelegate.m */; };
		FB01DEFB1BE4088600E240E7 /* eComBid.xcdatamodeld in Sources */ = {isa = PBXBuildFile; fileRef = FB01DEF91BE4088600E240E7 /* eComBid.xcdatamodeld */; };
		FB01DEFD1BE4088600E240E7 /* Assets.xcassets in Resources */ = {isa = PBXBuildFile; fileRef = FB01DEFC1BE4088600E240E7 /* Assets.xcassets */; };
		FB01DF0B1BE4088600E240E7 /* eComBidTests.m in Sources */ = {isa = PBXBuildFile; fileRef = FB01DF0A1BE4088600E240E7 /* eComBidTests.m */; };
		FB01DF161BE4088600E240E7 /* eComBidUITests.m in Sources */ = {isa = PBXBuildFile; fileRef = FB01DF151BE4088600E240E7 /* eComBidUITests.m */; };
		FB61E8291BECF4970006C8E1 /* ECBThemeManager.m in Sources */ = {isa = PBXBuildFile; fileRef = FB61E8281BECF4970006C8E1 /* ECBThemeManager.m */; };
		FB61E82C1BECF57C0006C8E1 /* ECBAppColor.m in Sources */ = {isa = PBXBuildFile; fileRef = FB61E82B1BECF57C0006C8E1 /* ECBAppColor.m */; };
		FB61E82F1BECF7110006C8E1 /* ECBAppFont.m in Sources */ = {isa = PBXBuildFile; fileRef = FB61E82E1BECF7110006C8E1 /* ECBAppFont.m */; };
		FB61E8331BED12490006C8E1 /* ECBTabBarCtrl.m in Sources */ = {isa = PBXBuildFile; fileRef = FB61E8321BED12490006C8E1 /* ECBTabBarCtrl.m */; };
		FB61E8391BED1B250006C8E1 /* ECBProfileViewCtrl.m in Sources */ = {isa = PBXBuildFile; fileRef = FB61E8381BED1B250006C8E1 /* ECBProfileViewCtrl.m */; };
		FB61E83F1BED1B460006C8E1 /* ECBLoginViewCtrl.m in Sources */ = {isa = PBXBuildFile; fileRef = FB61E83C1BED1B460006C8E1 /* ECBLoginViewCtrl.m */; };
		FB61E8401BED1B460006C8E1 /* ECBSignUpViewCtrl.m in Sources */ = {isa = PBXBuildFile; fileRef = FB61E83E1BED1B460006C8E1 /* ECBSignUpViewCtrl.m */; };
		FB61E8431BED24EF0006C8E1 /* ECBAuthViewCtrl.m in Sources */ = {isa = PBXBuildFile; fileRef = FB61E8421BED24EF0006C8E1 /* ECBAuthViewCtrl.m */; };
		FB61E8471BED25D90006C8E1 /* ECBAuthentication.storyboard in Resources */ = {isa = PBXBuildFile; fileRef = FB61E8461BED25D90006C8E1 /* ECBAuthentication.storyboard */; };
		FB61E84B1BED26C80006C8E1 /* ECBLinkedStoryboardSegue.m in Sources */ = {isa = PBXBuildFile; fileRef = FB61E84A1BED26C80006C8E1 /* ECBLinkedStoryboardSegue.m */; };
		FB61E84F1BED2B660006C8E1 /* ECBAppConstants.m in Sources */ = {isa = PBXBuildFile; fileRef = FB61E84E1BED2B660006C8E1 /* ECBAppConstants.m */; };
		FB8B30871BEE573F000424B3 /* ECBBaseViewCtrl.m in Sources */ = {isa = PBXBuildFile; fileRef = FB8B30861BEE573F000424B3 /* ECBBaseViewCtrl.m */; };
		FB8B308A1BEE6ABC000424B3 /* ECBBaseNavViewCtrl.m in Sources */ = {isa = PBXBuildFile; fileRef = FB8B30891BEE6ABC000424B3 /* ECBBaseNavViewCtrl.m */; };
		FB8B308D1BEE722A000424B3 /* ECBGeneralSalesViewCtrl.m in Sources */ = {isa = PBXBuildFile; fileRef = FB8B308C1BEE722A000424B3 /* ECBGeneralSalesViewCtrl.m */; };
		FB8B30941BEE7381000424B3 /* ECBNotificationsViewCtrl.m in Sources */ = {isa = PBXBuildFile; fileRef = FB8B30931BEE7381000424B3 /* ECBNotificationsViewCtrl.m */; };
		FB8B30971BEE766A000424B3 /* ECBUXUtils.m in Sources */ = {isa = PBXBuildFile; fileRef = FB8B30961BEE766A000424B3 /* ECBUXUtils.m */; };
		FB8B309A1BEE7700000424B3 /* ECBButton.m in Sources */ = {isa = PBXBuildFile; fileRef = FB8B30991BEE7700000424B3 /* ECBButton.m */; };
		FBCCBAFC1BEC46B9004F3727 /* ECBLaunchScreen.storyboard in Resources */ = {isa = PBXBuildFile; fileRef = FBCCBAFB1BEC46B9004F3727 /* ECBLaunchScreen.storyboard */; };
		FBCCBAFE1BEC4B8A004F3727 /* ECBMain.storyboard in Resources */ = {isa = PBXBuildFile; fileRef = FBCCBAFD1BEC4B8A004F3727 /* ECBMain.storyboard */; };
		FBCCBB1E1BEC4F50004F3727 /* AsyncButton.swift in Sources */ = {isa = PBXBuildFile; fileRef = FBCCBB011BEC4F50004F3727 /* AsyncButton.swift */; };
		FBCCBB1F1BEC4F50004F3727 /* AsyncImageView.swift in Sources */ = {isa = PBXBuildFile; fileRef = FBCCBB021BEC4F50004F3727 /* AsyncImageView.swift */; };
		FBCCBB201BEC4F50004F3727 /* AutoTextView.swift in Sources */ = {isa = PBXBuildFile; fileRef = FBCCBB031BEC4F50004F3727 /* AutoTextView.swift */; };
		FBCCBB211BEC4F50004F3727 /* BlurView.swift in Sources */ = {isa = PBXBuildFile; fileRef = FBCCBB041BEC4F50004F3727 /* BlurView.swift */; };
		FBCCBB221BEC4F50004F3727 /* DesignableButton.swift in Sources */ = {isa = PBXBuildFile; fileRef = FBCCBB051BEC4F50004F3727 /* DesignableButton.swift */; };
		FBCCBB231BEC4F50004F3727 /* DesignableImageView.swift in Sources */ = {isa = PBXBuildFile; fileRef = FBCCBB061BEC4F50004F3727 /* DesignableImageView.swift */; };
		FBCCBB241BEC4F50004F3727 /* DesignableLabel.swift in Sources */ = {isa = PBXBuildFile; fileRef = FBCCBB071BEC4F50004F3727 /* DesignableLabel.swift */; };
		FBCCBB251BEC4F50004F3727 /* DesignableTabBarController.swift in Sources */ = {isa = PBXBuildFile; fileRef = FBCCBB081BEC4F50004F3727 /* DesignableTabBarController.swift */; };
		FBCCBB261BEC4F50004F3727 /* DesignableTextField.swift in Sources */ = {isa = PBXBuildFile; fileRef = FBCCBB091BEC4F50004F3727 /* DesignableTextField.swift */; };
		FBCCBB271BEC4F50004F3727 /* DesignableTextView.swift in Sources */ = {isa = PBXBuildFile; fileRef = FBCCBB0A1BEC4F50004F3727 /* DesignableTextView.swift */; };
		FBCCBB281BEC4F50004F3727 /* DesignableView.swift in Sources */ = {isa = PBXBuildFile; fileRef = FBCCBB0B1BEC4F50004F3727 /* DesignableView.swift */; };
		FBCCBB291BEC4F50004F3727 /* ImageLoader.swift in Sources */ = {isa = PBXBuildFile; fileRef = FBCCBB0C1BEC4F50004F3727 /* ImageLoader.swift */; };
		FBCCBB2A1BEC4F50004F3727 /* KeyboardLayoutConstraint.swift in Sources */ = {isa = PBXBuildFile; fileRef = FBCCBB0D1BEC4F50004F3727 /* KeyboardLayoutConstraint.swift */; };
		FBCCBB2B1BEC4F50004F3727 /* LoadingView.swift in Sources */ = {isa = PBXBuildFile; fileRef = FBCCBB0E1BEC4F50004F3727 /* LoadingView.swift */; };
		FBCCBB2C1BEC4F50004F3727 /* LoadingView.xib in Resources */ = {isa = PBXBuildFile; fileRef = FBCCBB0F1BEC4F50004F3727 /* LoadingView.xib */; };
		FBCCBB2D1BEC4F50004F3727 /* Misc.swift in Sources */ = {isa = PBXBuildFile; fileRef = FBCCBB101BEC4F50004F3727 /* Misc.swift */; };
		FBCCBB2E1BEC4F50004F3727 /* SoundPlayer.swift in Sources */ = {isa = PBXBuildFile; fileRef = FBCCBB111BEC4F50004F3727 /* SoundPlayer.swift */; };
		FBCCBB2F1BEC4F50004F3727 /* Spring.swift in Sources */ = {isa = PBXBuildFile; fileRef = FBCCBB131BEC4F50004F3727 /* Spring.swift */; };
		FBCCBB301BEC4F50004F3727 /* SpringAnimation.swift in Sources */ = {isa = PBXBuildFile; fileRef = FBCCBB141BEC4F50004F3727 /* SpringAnimation.swift */; };
		FBCCBB311BEC4F50004F3727 /* SpringButton.swift in Sources */ = {isa = PBXBuildFile; fileRef = FBCCBB151BEC4F50004F3727 /* SpringButton.swift */; };
		FBCCBB321BEC4F50004F3727 /* SpringImageView.swift in Sources */ = {isa = PBXBuildFile; fileRef = FBCCBB161BEC4F50004F3727 /* SpringImageView.swift */; };
		FBCCBB331BEC4F50004F3727 /* SpringLabel.swift in Sources */ = {isa = PBXBuildFile; fileRef = FBCCBB171BEC4F50004F3727 /* SpringLabel.swift */; };
		FBCCBB341BEC4F50004F3727 /* SpringTextField.swift in Sources */ = {isa = PBXBuildFile; fileRef = FBCCBB181BEC4F50004F3727 /* SpringTextField.swift */; };
		FBCCBB351BEC4F50004F3727 /* SpringTextView.swift in Sources */ = {isa = PBXBuildFile; fileRef = FBCCBB191BEC4F50004F3727 /* SpringTextView.swift */; };
		FBCCBB361BEC4F50004F3727 /* SpringView.swift in Sources */ = {isa = PBXBuildFile; fileRef = FBCCBB1A1BEC4F50004F3727 /* SpringView.swift */; };
		FBCCBB371BEC4F50004F3727 /* TransitionManager.swift in Sources */ = {isa = PBXBuildFile; fileRef = FBCCBB1B1BEC4F50004F3727 /* TransitionManager.swift */; };
		FBCCBB381BEC4F50004F3727 /* TransitionZoom.swift in Sources */ = {isa = PBXBuildFile; fileRef = FBCCBB1C1BEC4F50004F3727 /* TransitionZoom.swift */; };
		FBCCBB391BEC4F50004F3727 /* UnwindSegue.swift in Sources */ = {isa = PBXBuildFile; fileRef = FBCCBB1D1BEC4F50004F3727 /* UnwindSegue.swift */; };
		FBCCBB541BEC6467004F3727 /* ECBActivityButton.m in Sources */ = {isa = PBXBuildFile; fileRef = FBCCBB531BEC6467004F3727 /* ECBActivityButton.m */; };
		FBCCBB611BECE3CF004F3727 /* Montserrat-Black.otf in Resources */ = {isa = PBXBuildFile; fileRef = FBCCBB591BECE3CF004F3727 /* Montserrat-Black.otf */; };
		FBCCBB621BECE3CF004F3727 /* Montserrat-Bold.otf in Resources */ = {isa = PBXBuildFile; fileRef = FBCCBB5A1BECE3CF004F3727 /* Montserrat-Bold.otf */; };
		FBCCBB631BECE3CF004F3727 /* Montserrat-ExtraBold.otf in Resources */ = {isa = PBXBuildFile; fileRef = FBCCBB5B1BECE3CF004F3727 /* Montserrat-ExtraBold.otf */; };
		FBCCBB641BECE3CF004F3727 /* Montserrat-Hairline.otf in Resources */ = {isa = PBXBuildFile; fileRef = FBCCBB5C1BECE3CF004F3727 /* Montserrat-Hairline.otf */; };
		FBCCBB651BECE3CF004F3727 /* Montserrat-Light.otf in Resources */ = {isa = PBXBuildFile; fileRef = FBCCBB5D1BECE3CF004F3727 /* Montserrat-Light.otf */; };
		FBCCBB661BECE3CF004F3727 /* Montserrat-Regular.otf in Resources */ = {isa = PBXBuildFile; fileRef = FBCCBB5E1BECE3CF004F3727 /* Montserrat-Regular.otf */; };
		FBCCBB671BECE3CF004F3727 /* Montserrat-SemiBold.otf in Resources */ = {isa = PBXBuildFile; fileRef = FBCCBB5F1BECE3CF004F3727 /* Montserrat-SemiBold.otf */; };
		FBCCBB681BECE3CF004F3727 /* Montserrat-UltraLight.otf in Resources */ = {isa = PBXBuildFile; fileRef = FBCCBB601BECE3CF004F3727 /* Montserrat-UltraLight.otf */; };
		FBCCBB6B1BECE3F5004F3727 /* Localizable.strings in Resources */ = {isa = PBXBuildFile; fileRef = FBCCBB6D1BECE3F5004F3727 /* Localizable.strings */; };
		FBFC860C1BEBEEFC00FAA006 /* ECBAppColorScheme.m in Sources */ = {isa = PBXBuildFile; fileRef = FBFC860B1BEBEEFC00FAA006 /* ECBAppColorScheme.m */; };
/* End PBXBuildFile section */

/* Begin PBXContainerItemProxy section */
		FB01DF071BE4088600E240E7 /* PBXContainerItemProxy */ = {
			isa = PBXContainerItemProxy;
			containerPortal = FB01DEE21BE4088600E240E7 /* Project object */;
			proxyType = 1;
			remoteGlobalIDString = FB01DEE91BE4088600E240E7;
			remoteInfo = eComBid;
		};
		FB01DF121BE4088600E240E7 /* PBXContainerItemProxy */ = {
			isa = PBXContainerItemProxy;
			containerPortal = FB01DEE21BE4088600E240E7 /* Project object */;
			proxyType = 1;
			remoteGlobalIDString = FB01DEE91BE4088600E240E7;
			remoteInfo = eComBid;
		};
/* End PBXContainerItemProxy section */

/* Begin PBXFileReference section */
		7FB2DB72D470330E80AC2711 /* Pods.release.xcconfig */ = {isa = PBXFileReference; includeInIndex = 1; lastKnownFileType = text.xcconfig; name = Pods.release.xcconfig; path = "Pods/Target Support Files/Pods/Pods.release.xcconfig"; sourceTree = "<group>"; };
		A4629AE44BE403C7593FA71E /* Pods.debug.xcconfig */ = {isa = PBXFileReference; includeInIndex = 1; lastKnownFileType = text.xcconfig; name = Pods.debug.xcconfig; path = "Pods/Target Support Files/Pods/Pods.debug.xcconfig"; sourceTree = "<group>"; };
		F94F961D70BBD72F8425C8A6 /* libPods.a */ = {isa = PBXFileReference; explicitFileType = archive.ar; includeInIndex = 0; path = libPods.a; sourceTree = BUILT_PRODUCTS_DIR; };
		FB01DEEA1BE4088600E240E7 /* eComBid.app */ = {isa = PBXFileReference; explicitFileType = wrapper.application; includeInIndex = 0; path = eComBid.app; sourceTree = BUILT_PRODUCTS_DIR; };
		FB01DEEE1BE4088600E240E7 /* main.m */ = {isa = PBXFileReference; lastKnownFileType = sourcecode.c.objc; path = main.m; sourceTree = "<group>"; };
		FB01DEF01BE4088600E240E7 /* ECBAppDelegate.h */ = {isa = PBXFileReference; lastKnownFileType = sourcecode.c.h; path = ECBAppDelegate.h; sourceTree = "<group>"; };
		FB01DEF11BE4088600E240E7 /* ECBAppDelegate.m */ = {isa = PBXFileReference; lastKnownFileType = sourcecode.c.objc; path = ECBAppDelegate.m; sourceTree = "<group>"; };
		FB01DEFA1BE4088600E240E7 /* eComBid.xcdatamodel */ = {isa = PBXFileReference; lastKnownFileType = wrapper.xcdatamodel; path = eComBid.xcdatamodel; sourceTree = "<group>"; };
		FB01DEFC1BE4088600E240E7 /* Assets.xcassets */ = {isa = PBXFileReference; lastKnownFileType = folder.assetcatalog; path = Assets.xcassets; sourceTree = "<group>"; };
		FB01DF061BE4088600E240E7 /* eComBidTests.xctest */ = {isa = PBXFileReference; explicitFileType = wrapper.cfbundle; includeInIndex = 0; path = eComBidTests.xctest; sourceTree = BUILT_PRODUCTS_DIR; };
		FB01DF0A1BE4088600E240E7 /* eComBidTests.m */ = {isa = PBXFileReference; lastKnownFileType = sourcecode.c.objc; path = eComBidTests.m; sourceTree = "<group>"; };
		FB01DF0C1BE4088600E240E7 /* Info.plist */ = {isa = PBXFileReference; lastKnownFileType = text.plist.xml; path = Info.plist; sourceTree = "<group>"; };
		FB01DF111BE4088600E240E7 /* eComBidUITests.xctest */ = {isa = PBXFileReference; explicitFileType = wrapper.cfbundle; includeInIndex = 0; path = eComBidUITests.xctest; sourceTree = BUILT_PRODUCTS_DIR; };
		FB01DF151BE4088600E240E7 /* eComBidUITests.m */ = {isa = PBXFileReference; lastKnownFileType = sourcecode.c.objc; path = eComBidUITests.m; sourceTree = "<group>"; };
		FB01DF171BE4088600E240E7 /* Info.plist */ = {isa = PBXFileReference; lastKnownFileType = text.plist.xml; path = Info.plist; sourceTree = "<group>"; };
		FB61E8271BECF4970006C8E1 /* ECBThemeManager.h */ = {isa = PBXFileReference; fileEncoding = 4; lastKnownFileType = sourcecode.c.h; path = ECBThemeManager.h; sourceTree = "<group>"; };
		FB61E8281BECF4970006C8E1 /* ECBThemeManager.m */ = {isa = PBXFileReference; fileEncoding = 4; lastKnownFileType = sourcecode.c.objc; path = ECBThemeManager.m; sourceTree = "<group>"; };
		FB61E82A1BECF57C0006C8E1 /* ECBAppColor.h */ = {isa = PBXFileReference; fileEncoding = 4; lastKnownFileType = sourcecode.c.h; path = ECBAppColor.h; sourceTree = "<group>"; };
		FB61E82B1BECF57C0006C8E1 /* ECBAppColor.m */ = {isa = PBXFileReference; fileEncoding = 4; lastKnownFileType = sourcecode.c.objc; path = ECBAppColor.m; sourceTree = "<group>"; };
		FB61E82D1BECF7110006C8E1 /* ECBAppFont.h */ = {isa = PBXFileReference; fileEncoding = 4; lastKnownFileType = sourcecode.c.h; path = ECBAppFont.h; sourceTree = "<group>"; };
		FB61E82E1BECF7110006C8E1 /* ECBAppFont.m */ = {isa = PBXFileReference; fileEncoding = 4; lastKnownFileType = sourcecode.c.objc; path = ECBAppFont.m; sourceTree = "<group>"; };
		FB61E8311BED12490006C8E1 /* ECBTabBarCtrl.h */ = {isa = PBXFileReference; fileEncoding = 4; lastKnownFileType = sourcecode.c.h; path = ECBTabBarCtrl.h; sourceTree = "<group>"; };
		FB61E8321BED12490006C8E1 /* ECBTabBarCtrl.m */ = {isa = PBXFileReference; fileEncoding = 4; lastKnownFileType = sourcecode.c.objc; path = ECBTabBarCtrl.m; sourceTree = "<group>"; };
		FB61E8371BED1B250006C8E1 /* ECBProfileViewCtrl.h */ = {isa = PBXFileReference; fileEncoding = 4; lastKnownFileType = sourcecode.c.h; path = ECBProfileViewCtrl.h; sourceTree = "<group>"; };
		FB61E8381BED1B250006C8E1 /* ECBProfileViewCtrl.m */ = {isa = PBXFileReference; fileEncoding = 4; lastKnownFileType = sourcecode.c.objc; path = ECBProfileViewCtrl.m; sourceTree = "<group>"; };
		FB61E83B1BED1B460006C8E1 /* ECBLoginViewCtrl.h */ = {isa = PBXFileReference; fileEncoding = 4; lastKnownFileType = sourcecode.c.h; path = ECBLoginViewCtrl.h; sourceTree = "<group>"; };
		FB61E83C1BED1B460006C8E1 /* ECBLoginViewCtrl.m */ = {isa = PBXFileReference; fileEncoding = 4; lastKnownFileType = sourcecode.c.objc; path = ECBLoginViewCtrl.m; sourceTree = "<group>"; };
		FB61E83D1BED1B460006C8E1 /* ECBSignUpViewCtrl.h */ = {isa = PBXFileReference; fileEncoding = 4; lastKnownFileType = sourcecode.c.h; path = ECBSignUpViewCtrl.h; sourceTree = "<group>"; };
		FB61E83E1BED1B460006C8E1 /* ECBSignUpViewCtrl.m */ = {isa = PBXFileReference; fileEncoding = 4; lastKnownFileType = sourcecode.c.objc; path = ECBSignUpViewCtrl.m; sourceTree = "<group>"; };
		FB61E8411BED24EF0006C8E1 /* ECBAuthViewCtrl.h */ = {isa = PBXFileReference; fileEncoding = 4; lastKnownFileType = sourcecode.c.h; path = ECBAuthViewCtrl.h; sourceTree = "<group>"; };
		FB61E8421BED24EF0006C8E1 /* ECBAuthViewCtrl.m */ = {isa = PBXFileReference; fileEncoding = 4; lastKnownFileType = sourcecode.c.objc; path = ECBAuthViewCtrl.m; sourceTree = "<group>"; };
		FB61E8461BED25D90006C8E1 /* ECBAuthentication.storyboard */ = {isa = PBXFileReference; fileEncoding = 4; lastKnownFileType = file.storyboard; path = ECBAuthentication.storyboard; sourceTree = "<group>"; };
		FB61E8491BED26C80006C8E1 /* ECBLinkedStoryboardSegue.h */ = {isa = PBXFileReference; fileEncoding = 4; lastKnownFileType = sourcecode.c.h; path = ECBLinkedStoryboardSegue.h; sourceTree = "<group>"; };
		FB61E84A1BED26C80006C8E1 /* ECBLinkedStoryboardSegue.m */ = {isa = PBXFileReference; fileEncoding = 4; lastKnownFileType = sourcecode.c.objc; path = ECBLinkedStoryboardSegue.m; sourceTree = "<group>"; };
		FB61E84D1BED2B660006C8E1 /* ECBAppConstants.h */ = {isa = PBXFileReference; fileEncoding = 4; lastKnownFileType = sourcecode.c.h; path = ECBAppConstants.h; sourceTree = "<group>"; };
		FB61E84E1BED2B660006C8E1 /* ECBAppConstants.m */ = {isa = PBXFileReference; fileEncoding = 4; lastKnownFileType = sourcecode.c.objc; path = ECBAppConstants.m; sourceTree = "<group>"; };
		FB8B30851BEE573F000424B3 /* ECBBaseViewCtrl.h */ = {isa = PBXFileReference; fileEncoding = 4; lastKnownFileType = sourcecode.c.h; path = ECBBaseViewCtrl.h; sourceTree = "<group>"; };
		FB8B30861BEE573F000424B3 /* ECBBaseViewCtrl.m */ = {isa = PBXFileReference; fileEncoding = 4; lastKnownFileType = sourcecode.c.objc; path = ECBBaseViewCtrl.m; sourceTree = "<group>"; };
		FB8B30881BEE6ABC000424B3 /* ECBBaseNavViewCtrl.h */ = {isa = PBXFileReference; fileEncoding = 4; lastKnownFileType = sourcecode.c.h; path = ECBBaseNavViewCtrl.h; sourceTree = "<group>"; };
		FB8B30891BEE6ABC000424B3 /* ECBBaseNavViewCtrl.m */ = {isa = PBXFileReference; fileEncoding = 4; lastKnownFileType = sourcecode.c.objc; path = ECBBaseNavViewCtrl.m; sourceTree = "<group>"; };
		FB8B308B1BEE722A000424B3 /* ECBGeneralSalesViewCtrl.h */ = {isa = PBXFileReference; fileEncoding = 4; lastKnownFileType = sourcecode.c.h; path = ECBGeneralSalesViewCtrl.h; sourceTree = "<group>"; };
		FB8B308C1BEE722A000424B3 /* ECBGeneralSalesViewCtrl.m */ = {isa = PBXFileReference; fileEncoding = 4; lastKnownFileType = sourcecode.c.objc; path = ECBGeneralSalesViewCtrl.m; sourceTree = "<group>"; };
		FB8B30921BEE7381000424B3 /* ECBNotificationsViewCtrl.h */ = {isa = PBXFileReference; fileEncoding = 4; lastKnownFileType = sourcecode.c.h; path = ECBNotificationsViewCtrl.h; sourceTree = "<group>"; };
		FB8B30931BEE7381000424B3 /* ECBNotificationsViewCtrl.m */ = {isa = PBXFileReference; fileEncoding = 4; lastKnownFileType = sourcecode.c.objc; path = ECBNotificationsViewCtrl.m; sourceTree = "<group>"; };
		FB8B30951BEE766A000424B3 /* ECBUXUtils.h */ = {isa = PBXFileReference; fileEncoding = 4; lastKnownFileType = sourcecode.c.h; path = ECBUXUtils.h; sourceTree = "<group>"; };
		FB8B30961BEE766A000424B3 /* ECBUXUtils.m */ = {isa = PBXFileReference; fileEncoding = 4; lastKnownFileType = sourcecode.c.objc; path = ECBUXUtils.m; sourceTree = "<group>"; };
		FB8B30981BEE7700000424B3 /* ECBButton.h */ = {isa = PBXFileReference; fileEncoding = 4; lastKnownFileType = sourcecode.c.h; path = ECBButton.h; sourceTree = "<group>"; };
		FB8B30991BEE7700000424B3 /* ECBButton.m */ = {isa = PBXFileReference; fileEncoding = 4; lastKnownFileType = sourcecode.c.objc; path = ECBButton.m; sourceTree = "<group>"; };
		FBCCBAFB1BEC46B9004F3727 /* ECBLaunchScreen.storyboard */ = {isa = PBXFileReference; fileEncoding = 4; lastKnownFileType = file.storyboard; path = ECBLaunchScreen.storyboard; sourceTree = "<group>"; };
		FBCCBAFD1BEC4B8A004F3727 /* ECBMain.storyboard */ = {isa = PBXFileReference; fileEncoding = 4; lastKnownFileType = file.storyboard; path = ECBMain.storyboard; sourceTree = "<group>"; };
		FBCCBAFF1BEC4BE5004F3727 /* ECBPrefixHeader.pch */ = {isa = PBXFileReference; fileEncoding = 4; lastKnownFileType = sourcecode.c.h; path = ECBPrefixHeader.pch; sourceTree = "<group>"; };
		FBCCBB011BEC4F50004F3727 /* AsyncButton.swift */ = {isa = PBXFileReference; fileEncoding = 4; lastKnownFileType = sourcecode.swift; path = AsyncButton.swift; sourceTree = "<group>"; };
		FBCCBB021BEC4F50004F3727 /* AsyncImageView.swift */ = {isa = PBXFileReference; fileEncoding = 4; lastKnownFileType = sourcecode.swift; path = AsyncImageView.swift; sourceTree = "<group>"; };
		FBCCBB031BEC4F50004F3727 /* AutoTextView.swift */ = {isa = PBXFileReference; fileEncoding = 4; lastKnownFileType = sourcecode.swift; path = AutoTextView.swift; sourceTree = "<group>"; };
		FBCCBB041BEC4F50004F3727 /* BlurView.swift */ = {isa = PBXFileReference; fileEncoding = 4; lastKnownFileType = sourcecode.swift; path = BlurView.swift; sourceTree = "<group>"; };
		FBCCBB051BEC4F50004F3727 /* DesignableButton.swift */ = {isa = PBXFileReference; fileEncoding = 4; lastKnownFileType = sourcecode.swift; path = DesignableButton.swift; sourceTree = "<group>"; };
		FBCCBB061BEC4F50004F3727 /* DesignableImageView.swift */ = {isa = PBXFileReference; fileEncoding = 4; lastKnownFileType = sourcecode.swift; path = DesignableImageView.swift; sourceTree = "<group>"; };
		FBCCBB071BEC4F50004F3727 /* DesignableLabel.swift */ = {isa = PBXFileReference; fileEncoding = 4; lastKnownFileType = sourcecode.swift; path = DesignableLabel.swift; sourceTree = "<group>"; };
		FBCCBB081BEC4F50004F3727 /* DesignableTabBarController.swift */ = {isa = PBXFileReference; fileEncoding = 4; lastKnownFileType = sourcecode.swift; path = DesignableTabBarController.swift; sourceTree = "<group>"; };
		FBCCBB091BEC4F50004F3727 /* DesignableTextField.swift */ = {isa = PBXFileReference; fileEncoding = 4; lastKnownFileType = sourcecode.swift; path = DesignableTextField.swift; sourceTree = "<group>"; };
		FBCCBB0A1BEC4F50004F3727 /* DesignableTextView.swift */ = {isa = PBXFileReference; fileEncoding = 4; lastKnownFileType = sourcecode.swift; path = DesignableTextView.swift; sourceTree = "<group>"; };
		FBCCBB0B1BEC4F50004F3727 /* DesignableView.swift */ = {isa = PBXFileReference; fileEncoding = 4; lastKnownFileType = sourcecode.swift; path = DesignableView.swift; sourceTree = "<group>"; };
		FBCCBB0C1BEC4F50004F3727 /* ImageLoader.swift */ = {isa = PBXFileReference; fileEncoding = 4; lastKnownFileType = sourcecode.swift; path = ImageLoader.swift; sourceTree = "<group>"; };
		FBCCBB0D1BEC4F50004F3727 /* KeyboardLayoutConstraint.swift */ = {isa = PBXFileReference; fileEncoding = 4; lastKnownFileType = sourcecode.swift; path = KeyboardLayoutConstraint.swift; sourceTree = "<group>"; };
		FBCCBB0E1BEC4F50004F3727 /* LoadingView.swift */ = {isa = PBXFileReference; fileEncoding = 4; lastKnownFileType = sourcecode.swift; path = LoadingView.swift; sourceTree = "<group>"; };
		FBCCBB0F1BEC4F50004F3727 /* LoadingView.xib */ = {isa = PBXFileReference; fileEncoding = 4; lastKnownFileType = file.xib; path = LoadingView.xib; sourceTree = "<group>"; };
		FBCCBB101BEC4F50004F3727 /* Misc.swift */ = {isa = PBXFileReference; fileEncoding = 4; lastKnownFileType = sourcecode.swift; path = Misc.swift; sourceTree = "<group>"; };
		FBCCBB111BEC4F50004F3727 /* SoundPlayer.swift */ = {isa = PBXFileReference; fileEncoding = 4; lastKnownFileType = sourcecode.swift; path = SoundPlayer.swift; sourceTree = "<group>"; };
		FBCCBB121BEC4F50004F3727 /* Spring.h */ = {isa = PBXFileReference; fileEncoding = 4; lastKnownFileType = sourcecode.c.h; path = Spring.h; sourceTree = "<group>"; };
		FBCCBB131BEC4F50004F3727 /* Spring.swift */ = {isa = PBXFileReference; fileEncoding = 4; lastKnownFileType = sourcecode.swift; path = Spring.swift; sourceTree = "<group>"; };
		FBCCBB141BEC4F50004F3727 /* SpringAnimation.swift */ = {isa = PBXFileReference; fileEncoding = 4; lastKnownFileType = sourcecode.swift; path = SpringAnimation.swift; sourceTree = "<group>"; };
		FBCCBB151BEC4F50004F3727 /* SpringButton.swift */ = {isa = PBXFileReference; fileEncoding = 4; lastKnownFileType = sourcecode.swift; path = SpringButton.swift; sourceTree = "<group>"; };
		FBCCBB161BEC4F50004F3727 /* SpringImageView.swift */ = {isa = PBXFileReference; fileEncoding = 4; lastKnownFileType = sourcecode.swift; path = SpringImageView.swift; sourceTree = "<group>"; };
		FBCCBB171BEC4F50004F3727 /* SpringLabel.swift */ = {isa = PBXFileReference; fileEncoding = 4; lastKnownFileType = sourcecode.swift; path = SpringLabel.swift; sourceTree = "<group>"; };
		FBCCBB181BEC4F50004F3727 /* SpringTextField.swift */ = {isa = PBXFileReference; fileEncoding = 4; lastKnownFileType = sourcecode.swift; path = SpringTextField.swift; sourceTree = "<group>"; };
		FBCCBB191BEC4F50004F3727 /* SpringTextView.swift */ = {isa = PBXFileReference; fileEncoding = 4; lastKnownFileType = sourcecode.swift; path = SpringTextView.swift; sourceTree = "<group>"; };
		FBCCBB1A1BEC4F50004F3727 /* SpringView.swift */ = {isa = PBXFileReference; fileEncoding = 4; lastKnownFileType = sourcecode.swift; path = SpringView.swift; sourceTree = "<group>"; };
		FBCCBB1B1BEC4F50004F3727 /* TransitionManager.swift */ = {isa = PBXFileReference; fileEncoding = 4; lastKnownFileType = sourcecode.swift; path = TransitionManager.swift; sourceTree = "<group>"; };
		FBCCBB1C1BEC4F50004F3727 /* TransitionZoom.swift */ = {isa = PBXFileReference; fileEncoding = 4; lastKnownFileType = sourcecode.swift; path = TransitionZoom.swift; sourceTree = "<group>"; };
		FBCCBB1D1BEC4F50004F3727 /* UnwindSegue.swift */ = {isa = PBXFileReference; fileEncoding = 4; lastKnownFileType = sourcecode.swift; path = UnwindSegue.swift; sourceTree = "<group>"; };
		FBCCBB521BEC6467004F3727 /* ECBActivityButton.h */ = {isa = PBXFileReference; fileEncoding = 4; lastKnownFileType = sourcecode.c.h; path = ECBActivityButton.h; sourceTree = "<group>"; };
		FBCCBB531BEC6467004F3727 /* ECBActivityButton.m */ = {isa = PBXFileReference; fileEncoding = 4; lastKnownFileType = sourcecode.c.objc; path = ECBActivityButton.m; sourceTree = "<group>"; };
		FBCCBB591BECE3CF004F3727 /* Montserrat-Black.otf */ = {isa = PBXFileReference; lastKnownFileType = file; path = "Montserrat-Black.otf"; sourceTree = "<group>"; };
		FBCCBB5A1BECE3CF004F3727 /* Montserrat-Bold.otf */ = {isa = PBXFileReference; lastKnownFileType = file; path = "Montserrat-Bold.otf"; sourceTree = "<group>"; };
		FBCCBB5B1BECE3CF004F3727 /* Montserrat-ExtraBold.otf */ = {isa = PBXFileReference; lastKnownFileType = file; path = "Montserrat-ExtraBold.otf"; sourceTree = "<group>"; };
		FBCCBB5C1BECE3CF004F3727 /* Montserrat-Hairline.otf */ = {isa = PBXFileReference; lastKnownFileType = file; path = "Montserrat-Hairline.otf"; sourceTree = "<group>"; };
		FBCCBB5D1BECE3CF004F3727 /* Montserrat-Light.otf */ = {isa = PBXFileReference; lastKnownFileType = file; path = "Montserrat-Light.otf"; sourceTree = "<group>"; };
		FBCCBB5E1BECE3CF004F3727 /* Montserrat-Regular.otf */ = {isa = PBXFileReference; lastKnownFileType = file; path = "Montserrat-Regular.otf"; sourceTree = "<group>"; };
		FBCCBB5F1BECE3CF004F3727 /* Montserrat-SemiBold.otf */ = {isa = PBXFileReference; lastKnownFileType = file; path = "Montserrat-SemiBold.otf"; sourceTree = "<group>"; };
		FBCCBB601BECE3CF004F3727 /* Montserrat-UltraLight.otf */ = {isa = PBXFileReference; lastKnownFileType = file; path = "Montserrat-UltraLight.otf"; sourceTree = "<group>"; };
		FBCCBB6C1BECE3F5004F3727 /* Base */ = {isa = PBXFileReference; lastKnownFileType = text.plist.strings; name = Base; path = Base.lproj/Localizable.strings; sourceTree = "<group>"; };
		FBCCBB6E1BECE402004F3727 /* vi */ = {isa = PBXFileReference; lastKnownFileType = text.plist.strings; name = vi; path = vi.lproj/Localizable.strings; sourceTree = "<group>"; };
		FBCCBB711BECEA0F004F3727 /* ECBInfo.plist */ = {isa = PBXFileReference; fileEncoding = 4; lastKnownFileType = text.plist.xml; path = ECBInfo.plist; sourceTree = "<group>"; };
		FBFC860A1BEBEEFC00FAA006 /* ECBAppColorScheme.h */ = {isa = PBXFileReference; fileEncoding = 4; lastKnownFileType = sourcecode.c.h; path = ECBAppColorScheme.h; sourceTree = "<group>"; };
		FBFC860B1BEBEEFC00FAA006 /* ECBAppColorScheme.m */ = {isa = PBXFileReference; fileEncoding = 4; lastKnownFileType = sourcecode.c.objc; path = ECBAppColorScheme.m; sourceTree = "<group>"; };
/* End PBXFileReference section */

/* Begin PBXFrameworksBuildPhase section */
		FB01DEE71BE4088600E240E7 /* Frameworks */ = {
			isa = PBXFrameworksBuildPhase;
			buildActionMask = 2147483647;
			files = (
				60B9C98F4D9DC1BA4068387E /* libPods.a in Frameworks */,
			);
			runOnlyForDeploymentPostprocessing = 0;
		};
		FB01DF031BE4088600E240E7 /* Frameworks */ = {
			isa = PBXFrameworksBuildPhase;
			buildActionMask = 2147483647;
			files = (
				4565604F7F124D516C6291A4 /* (null) in Frameworks */,
				225B5E327E65BE322E93B3F1 /* (null) in Frameworks */,
				248CB1636918B420B3EACB75 /* (null) in Frameworks */,
				8D27FFDFCA73D3C4F45F6A0B /* (null) in Frameworks */,
				633C7F37E20B21B30F1E4154 /* libPods.a in Frameworks */,
			);
			runOnlyForDeploymentPostprocessing = 0;
		};
		FB01DF0E1BE4088600E240E7 /* Frameworks */ = {
			isa = PBXFrameworksBuildPhase;
			buildActionMask = 2147483647;
			files = (
				C40D0ECB9026FD447EBC3153 /* (null) in Frameworks */,
				27F3346B4D05FBFD7EFF5E44 /* (null) in Frameworks */,
				C1B0B6E8979F3C5470972540 /* (null) in Frameworks */,
				9B9E0212EE093325885AE1C5 /* (null) in Frameworks */,
				CD9259BFAB455B0FA48C98F9 /* libPods.a in Frameworks */,
			);
			runOnlyForDeploymentPostprocessing = 0;
		};
/* End PBXFrameworksBuildPhase section */

/* Begin PBXGroup section */
		5DCD15F3F3319F6DCAEF68B7 /* Frameworks */ = {
			isa = PBXGroup;
			children = (
				F94F961D70BBD72F8425C8A6 /* libPods.a */,
			);
			name = Frameworks;
			sourceTree = "<group>";
		};
		F65C67570AFA86E8C73EA22C /* Pods */ = {
			isa = PBXGroup;
			children = (
				A4629AE44BE403C7593FA71E /* Pods.debug.xcconfig */,
				7FB2DB72D470330E80AC2711 /* Pods.release.xcconfig */,
			);
			name = Pods;
			sourceTree = "<group>";
		};
		FB01DEE11BE4088600E240E7 = {
			isa = PBXGroup;
			children = (
				FB01DEEC1BE4088600E240E7 /* eComBid */,
				FB01DF091BE4088600E240E7 /* eComBidTests */,
				FB01DF141BE4088600E240E7 /* eComBidUITests */,
				FB01DEEB1BE4088600E240E7 /* Products */,
				F65C67570AFA86E8C73EA22C /* Pods */,
				5DCD15F3F3319F6DCAEF68B7 /* Frameworks */,
			);
			sourceTree = "<group>";
		};
		FB01DEEB1BE4088600E240E7 /* Products */ = {
			isa = PBXGroup;
			children = (
				FB01DEEA1BE4088600E240E7 /* eComBid.app */,
				FB01DF061BE4088600E240E7 /* eComBidTests.xctest */,
				FB01DF111BE4088600E240E7 /* eComBidUITests.xctest */,
			);
			name = Products;
			sourceTree = "<group>";
		};
		FB01DEEC1BE4088600E240E7 /* eComBid */ = {
			isa = PBXGroup;
			children = (
				FB61E84C1BED2B470006C8E1 /* Common */,
				FBFC85F81BEBDF0F00FAA006 /* Controllers */,
				FBFC86081BEBEEE000FAA006 /* UX */,
				FBCCBAF81BEC459F004F3727 /* Resources */,
				FB01DEED1BE4088600E240E7 /* Supporting Files */,
				FB01DEFC1BE4088600E240E7 /* Assets.xcassets */,
			);
			path = eComBid;
			sourceTree = "<group>";
		};
		FB01DEED1BE4088600E240E7 /* Supporting Files */ = {
			isa = PBXGroup;
			children = (
				FB01DEF01BE4088600E240E7 /* ECBAppDelegate.h */,
				FB01DEF11BE4088600E240E7 /* ECBAppDelegate.m */,
				FB01DEF91BE4088600E240E7 /* eComBid.xcdatamodeld */,
				FB01DEEE1BE4088600E240E7 /* main.m */,
			);
			name = "Supporting Files";
			sourceTree = "<group>";
		};
		FB01DF091BE4088600E240E7 /* eComBidTests */ = {
			isa = PBXGroup;
			children = (
				FB01DF0A1BE4088600E240E7 /* eComBidTests.m */,
				FB01DF0C1BE4088600E240E7 /* Info.plist */,
			);
			path = eComBidTests;
			sourceTree = "<group>";
		};
		FB01DF141BE4088600E240E7 /* eComBidUITests */ = {
			isa = PBXGroup;
			children = (
				FB01DF151BE4088600E240E7 /* eComBidUITests.m */,
				FB01DF171BE4088600E240E7 /* Info.plist */,
			);
			path = eComBidUITests;
			sourceTree = "<group>";
		};
		FB61E8301BED12340006C8E1 /* Navigation */ = {
			isa = PBXGroup;
			children = (
				FB61E8311BED12490006C8E1 /* ECBTabBarCtrl.h */,
				FB61E8321BED12490006C8E1 /* ECBTabBarCtrl.m */,
			);
			path = Navigation;
			sourceTree = "<group>";
		};
		FB61E8351BED1AFA0006C8E1 /* Profile */ = {
			isa = PBXGroup;
			children = (
				FB61E8371BED1B250006C8E1 /* ECBProfileViewCtrl.h */,
				FB61E8381BED1B250006C8E1 /* ECBProfileViewCtrl.m */,
				FB61E83A1BED1B460006C8E1 /* Authentication */,
			);
			path = Profile;
			sourceTree = "<group>";
		};
		FB61E8361BED1AFA0006C8E1 /* Sales */ = {
			isa = PBXGroup;
			children = (
				FB8B308B1BEE722A000424B3 /* ECBGeneralSalesViewCtrl.h */,
				FB8B308C1BEE722A000424B3 /* ECBGeneralSalesViewCtrl.m */,
			);
			path = Sales;
			sourceTree = "<group>";
		};
		FB61E83A1BED1B460006C8E1 /* Authentication */ = {
			isa = PBXGroup;
			children = (
				FB61E83B1BED1B460006C8E1 /* ECBLoginViewCtrl.h */,
				FB61E83C1BED1B460006C8E1 /* ECBLoginViewCtrl.m */,
				FB61E83D1BED1B460006C8E1 /* ECBSignUpViewCtrl.h */,
				FB61E83E1BED1B460006C8E1 /* ECBSignUpViewCtrl.m */,
				FB61E8411BED24EF0006C8E1 /* ECBAuthViewCtrl.h */,
				FB61E8421BED24EF0006C8E1 /* ECBAuthViewCtrl.m */,
			);
			path = Authentication;
			sourceTree = "<group>";
		};
		FB61E8481BED26A60006C8E1 /* Segues */ = {
			isa = PBXGroup;
			children = (
				FB61E8491BED26C80006C8E1 /* ECBLinkedStoryboardSegue.h */,
				FB61E84A1BED26C80006C8E1 /* ECBLinkedStoryboardSegue.m */,
			);
			path = Segues;
			sourceTree = "<group>";
		};
		FB61E84C1BED2B470006C8E1 /* Common */ = {
			isa = PBXGroup;
			children = (
				FB61E84D1BED2B660006C8E1 /* ECBAppConstants.h */,
				FB61E84E1BED2B660006C8E1 /* ECBAppConstants.m */,
			);
			path = Common;
			sourceTree = "<group>";
		};
		FB8B30841BEE5718000424B3 /* Base */ = {
			isa = PBXGroup;
			children = (
				FB8B30851BEE573F000424B3 /* ECBBaseViewCtrl.h */,
				FB8B30861BEE573F000424B3 /* ECBBaseViewCtrl.m */,
				FB8B30881BEE6ABC000424B3 /* ECBBaseNavViewCtrl.h */,
				FB8B30891BEE6ABC000424B3 /* ECBBaseNavViewCtrl.m */,
			);
			path = Base;
			sourceTree = "<group>";
		};
		FB8B30911BEE7381000424B3 /* Notifications */ = {
			isa = PBXGroup;
			children = (
				FB8B30921BEE7381000424B3 /* ECBNotificationsViewCtrl.h */,
				FB8B30931BEE7381000424B3 /* ECBNotificationsViewCtrl.m */,
			);
			path = Notifications;
			sourceTree = "<group>";
		};
		FBCCBAF81BEC459F004F3727 /* Resources */ = {
			isa = PBXGroup;
			children = (
				FBCCBB711BECEA0F004F3727 /* ECBInfo.plist */,
				FBCCBAFF1BEC4BE5004F3727 /* ECBPrefixHeader.pch */,
				FBCCBAFD1BEC4B8A004F3727 /* ECBMain.storyboard */,
				FB61E8461BED25D90006C8E1 /* ECBAuthentication.storyboard */,
				FBCCBAFB1BEC46B9004F3727 /* ECBLaunchScreen.storyboard */,
				FBCCBB6D1BECE3F5004F3727 /* Localizable.strings */,
			);
			path = Resources;
			sourceTree = "<group>";
		};
		FBCCBB001BEC4F50004F3727 /* Spring */ = {
			isa = PBXGroup;
			children = (
				FBCCBB011BEC4F50004F3727 /* AsyncButton.swift */,
				FBCCBB021BEC4F50004F3727 /* AsyncImageView.swift */,
				FBCCBB031BEC4F50004F3727 /* AutoTextView.swift */,
				FBCCBB041BEC4F50004F3727 /* BlurView.swift */,
				FBCCBB051BEC4F50004F3727 /* DesignableButton.swift */,
				FBCCBB061BEC4F50004F3727 /* DesignableImageView.swift */,
				FBCCBB071BEC4F50004F3727 /* DesignableLabel.swift */,
				FBCCBB081BEC4F50004F3727 /* DesignableTabBarController.swift */,
				FBCCBB091BEC4F50004F3727 /* DesignableTextField.swift */,
				FBCCBB0A1BEC4F50004F3727 /* DesignableTextView.swift */,
				FBCCBB0B1BEC4F50004F3727 /* DesignableView.swift */,
				FBCCBB0C1BEC4F50004F3727 /* ImageLoader.swift */,
				FBCCBB0D1BEC4F50004F3727 /* KeyboardLayoutConstraint.swift */,
				FBCCBB0E1BEC4F50004F3727 /* LoadingView.swift */,
				FBCCBB0F1BEC4F50004F3727 /* LoadingView.xib */,
				FBCCBB101BEC4F50004F3727 /* Misc.swift */,
				FBCCBB111BEC4F50004F3727 /* SoundPlayer.swift */,
				FBCCBB121BEC4F50004F3727 /* Spring.h */,
				FBCCBB131BEC4F50004F3727 /* Spring.swift */,
				FBCCBB141BEC4F50004F3727 /* SpringAnimation.swift */,
				FBCCBB151BEC4F50004F3727 /* SpringButton.swift */,
				FBCCBB161BEC4F50004F3727 /* SpringImageView.swift */,
				FBCCBB171BEC4F50004F3727 /* SpringLabel.swift */,
				FBCCBB181BEC4F50004F3727 /* SpringTextField.swift */,
				FBCCBB191BEC4F50004F3727 /* SpringTextView.swift */,
				FBCCBB1A1BEC4F50004F3727 /* SpringView.swift */,
				FBCCBB1B1BEC4F50004F3727 /* TransitionManager.swift */,
				FBCCBB1C1BEC4F50004F3727 /* TransitionZoom.swift */,
				FBCCBB1D1BEC4F50004F3727 /* UnwindSegue.swift */,
			);
			path = Spring;
			sourceTree = "<group>";
		};
		FBCCBB511BEC6459004F3727 /* Views */ = {
			isa = PBXGroup;
			children = (
				FBCCBB521BEC6467004F3727 /* ECBActivityButton.h */,
				FBCCBB531BEC6467004F3727 /* ECBActivityButton.m */,
				FB8B30981BEE7700000424B3 /* ECBButton.h */,
				FB8B30991BEE7700000424B3 /* ECBButton.m */,
			);
			path = Views;
			sourceTree = "<group>";
		};
		FBCCBB571BECE3CF004F3727 /* Fonts */ = {
			isa = PBXGroup;
			children = (
				FBCCBB581BECE3CF004F3727 /* Montserrat */,
				FB61E82D1BECF7110006C8E1 /* ECBAppFont.h */,
				FB61E82E1BECF7110006C8E1 /* ECBAppFont.m */,
			);
			path = Fonts;
			sourceTree = "<group>";
		};
		FBCCBB581BECE3CF004F3727 /* Montserrat */ = {
			isa = PBXGroup;
			children = (
				FBCCBB591BECE3CF004F3727 /* Montserrat-Black.otf */,
				FBCCBB5A1BECE3CF004F3727 /* Montserrat-Bold.otf */,
				FBCCBB5B1BECE3CF004F3727 /* Montserrat-ExtraBold.otf */,
				FBCCBB5C1BECE3CF004F3727 /* Montserrat-Hairline.otf */,
				FBCCBB5D1BECE3CF004F3727 /* Montserrat-Light.otf */,
				FBCCBB5E1BECE3CF004F3727 /* Montserrat-Regular.otf */,
				FBCCBB5F1BECE3CF004F3727 /* Montserrat-SemiBold.otf */,
				FBCCBB601BECE3CF004F3727 /* Montserrat-UltraLight.otf */,
			);
			path = Montserrat;
			sourceTree = "<group>";
		};
		FBFC85F81BEBDF0F00FAA006 /* Controllers */ = {
			isa = PBXGroup;
			children = (
				FB8B30841BEE5718000424B3 /* Base */,
				FB61E8361BED1AFA0006C8E1 /* Sales */,
				FB8B30911BEE7381000424B3 /* Notifications */,
				FB61E8351BED1AFA0006C8E1 /* Profile */,
				FB61E8301BED12340006C8E1 /* Navigation */,
			);
			path = Controllers;
			sourceTree = "<group>";
		};
		FBFC86081BEBEEE000FAA006 /* UX */ = {
			isa = PBXGroup;
			children = (
				FB61E8481BED26A60006C8E1 /* Segues */,
				FBCCBB571BECE3CF004F3727 /* Fonts */,
				FBCCBB511BEC6459004F3727 /* Views */,
				FBCCBB001BEC4F50004F3727 /* Spring */,
				FBFC86091BEBEEED00FAA006 /* Colors */,
				FB8B30951BEE766A000424B3 /* ECBUXUtils.h */,
				FB8B30961BEE766A000424B3 /* ECBUXUtils.m */,
			);
			path = UX;
			sourceTree = "<group>";
		};
		FBFC86091BEBEEED00FAA006 /* Colors */ = {
			isa = PBXGroup;
			children = (
				FBFC860A1BEBEEFC00FAA006 /* ECBAppColorScheme.h */,
				FBFC860B1BEBEEFC00FAA006 /* ECBAppColorScheme.m */,
				FB61E8271BECF4970006C8E1 /* ECBThemeManager.h */,
				FB61E8281BECF4970006C8E1 /* ECBThemeManager.m */,
				FB61E82A1BECF57C0006C8E1 /* ECBAppColor.h */,
				FB61E82B1BECF57C0006C8E1 /* ECBAppColor.m */,
			);
			path = Colors;
			sourceTree = "<group>";
		};
/* End PBXGroup section */

/* Begin PBXNativeTarget section */
		FB01DEE91BE4088600E240E7 /* eComBid */ = {
			isa = PBXNativeTarget;
			buildConfigurationList = FB01DF1A1BE4088600E240E7 /* Build configuration list for PBXNativeTarget "eComBid" */;
			buildPhases = (
				B2CC63F9531943790FDCA5EF /* Check Pods Manifest.lock */,
				FB01DEE61BE4088600E240E7 /* Sources */,
				FB01DEE71BE4088600E240E7 /* Frameworks */,
				FB01DEE81BE4088600E240E7 /* Resources */,
				77E712DC985D1D5965A4C0B8 /* Embed Pods Frameworks */,
				58CEA1D2555ADB67F8EE78DB /* Copy Pods Resources */,
			);
			buildRules = (
			);
			dependencies = (
			);
			name = eComBid;
			productName = eComBid;
			productReference = FB01DEEA1BE4088600E240E7 /* eComBid.app */;
			productType = "com.apple.product-type.application";
		};
		FB01DF051BE4088600E240E7 /* eComBidTests */ = {
			isa = PBXNativeTarget;
			buildConfigurationList = FB01DF1D1BE4088600E240E7 /* Build configuration list for PBXNativeTarget "eComBidTests" */;
			buildPhases = (
				6C7B2BDD7EE9A379B6ABAC53 /* Check Pods Manifest.lock */,
				FB01DF021BE4088600E240E7 /* Sources */,
				FB01DF031BE4088600E240E7 /* Frameworks */,
				FB01DF041BE4088600E240E7 /* Resources */,
				1AAA90B4C5EC1415A2CE3594 /* Embed Pods Frameworks */,
				AC931522F3D058E80DFF80A7 /* Copy Pods Resources */,
			);
			buildRules = (
			);
			dependencies = (
				FB01DF081BE4088600E240E7 /* PBXTargetDependency */,
			);
			name = eComBidTests;
			productName = eComBidTests;
			productReference = FB01DF061BE4088600E240E7 /* eComBidTests.xctest */;
			productType = "com.apple.product-type.bundle.unit-test";
		};
		FB01DF101BE4088600E240E7 /* eComBidUITests */ = {
			isa = PBXNativeTarget;
			buildConfigurationList = FB01DF201BE4088600E240E7 /* Build configuration list for PBXNativeTarget "eComBidUITests" */;
			buildPhases = (
				BB699D27869693DCBC3CB6F3 /* Check Pods Manifest.lock */,
				FB01DF0D1BE4088600E240E7 /* Sources */,
				FB01DF0E1BE4088600E240E7 /* Frameworks */,
				FB01DF0F1BE4088600E240E7 /* Resources */,
				32184C68D89288E3FAE26581 /* Copy Pods Resources */,
			);
			buildRules = (
			);
			dependencies = (
				FB01DF131BE4088600E240E7 /* PBXTargetDependency */,
			);
			name = eComBidUITests;
			productName = eComBidUITests;
			productReference = FB01DF111BE4088600E240E7 /* eComBidUITests.xctest */;
			productType = "com.apple.product-type.bundle.ui-testing";
		};
/* End PBXNativeTarget section */

/* Begin PBXProject section */
		FB01DEE21BE4088600E240E7 /* Project object */ = {
			isa = PBXProject;
			attributes = {
				LastUpgradeCheck = 0710;
				ORGANIZATIONNAME = "ECOMBID, INC.";
				TargetAttributes = {
					FB01DEE91BE4088600E240E7 = {
						CreatedOnToolsVersion = 7.1;
						DevelopmentTeam = 6G34LX7B7Q;
					};
					FB01DF051BE4088600E240E7 = {
						CreatedOnToolsVersion = 7.1;
						TestTargetID = FB01DEE91BE4088600E240E7;
					};
					FB01DF101BE4088600E240E7 = {
						CreatedOnToolsVersion = 7.1;
						TestTargetID = FB01DEE91BE4088600E240E7;
					};
				};
			};
			buildConfigurationList = FB01DEE51BE4088600E240E7 /* Build configuration list for PBXProject "eComBid" */;
			compatibilityVersion = "Xcode 3.2";
			developmentRegion = English;
			hasScannedForEncodings = 0;
			knownRegions = (
				en,
				Base,
				vi,
			);
			mainGroup = FB01DEE11BE4088600E240E7;
			productRefGroup = FB01DEEB1BE4088600E240E7 /* Products */;
			projectDirPath = "";
			projectRoot = "";
			targets = (
				FB01DEE91BE4088600E240E7 /* eComBid */,
				FB01DF051BE4088600E240E7 /* eComBidTests */,
				FB01DF101BE4088600E240E7 /* eComBidUITests */,
			);
		};
/* End PBXProject section */

/* Begin PBXResourcesBuildPhase section */
		FB01DEE81BE4088600E240E7 /* Resources */ = {
			isa = PBXResourcesBuildPhase;
			buildActionMask = 2147483647;
			files = (
				FBCCBB631BECE3CF004F3727 /* Montserrat-ExtraBold.otf in Resources */,
				FBCCBAFE1BEC4B8A004F3727 /* ECBMain.storyboard in Resources */,
				FBCCBB2C1BEC4F50004F3727 /* LoadingView.xib in Resources */,
				FBCCBB6B1BECE3F5004F3727 /* Localizable.strings in Resources */,
				FBCCBB621BECE3CF004F3727 /* Montserrat-Bold.otf in Resources */,
				FBCCBAFC1BEC46B9004F3727 /* ECBLaunchScreen.storyboard in Resources */,
				FBCCBB651BECE3CF004F3727 /* Montserrat-Light.otf in Resources */,
				FBCCBB641BECE3CF004F3727 /* Montserrat-Hairline.otf in Resources */,
				FBCCBB661BECE3CF004F3727 /* Montserrat-Regular.otf in Resources */,
				FB61E8471BED25D90006C8E1 /* ECBAuthentication.storyboard in Resources */,
				FBCCBB671BECE3CF004F3727 /* Montserrat-SemiBold.otf in Resources */,
				FBCCBB611BECE3CF004F3727 /* Montserrat-Black.otf in Resources */,
				FBCCBB681BECE3CF004F3727 /* Montserrat-UltraLight.otf in Resources */,
				FB01DEFD1BE4088600E240E7 /* Assets.xcassets in Resources */,
			);
			runOnlyForDeploymentPostprocessing = 0;
		};
		FB01DF041BE4088600E240E7 /* Resources */ = {
			isa = PBXResourcesBuildPhase;
			buildActionMask = 2147483647;
			files = (
			);
			runOnlyForDeploymentPostprocessing = 0;
		};
		FB01DF0F1BE4088600E240E7 /* Resources */ = {
			isa = PBXResourcesBuildPhase;
			buildActionMask = 2147483647;
			files = (
			);
			runOnlyForDeploymentPostprocessing = 0;
		};
/* End PBXResourcesBuildPhase section */

/* Begin PBXShellScriptBuildPhase section */
		1AAA90B4C5EC1415A2CE3594 /* Embed Pods Frameworks */ = {
			isa = PBXShellScriptBuildPhase;
			buildActionMask = 2147483647;
			files = (
			);
			inputPaths = (
			);
			name = "Embed Pods Frameworks";
			outputPaths = (
			);
			runOnlyForDeploymentPostprocessing = 0;
			shellPath = /bin/sh;
			shellScript = "\"${SRCROOT}/Pods/Target Support Files/Pods/Pods-frameworks.sh\"\n";
			showEnvVarsInLog = 0;
		};
		32184C68D89288E3FAE26581 /* Copy Pods Resources */ = {
			isa = PBXShellScriptBuildPhase;
			buildActionMask = 2147483647;
			files = (
			);
			inputPaths = (
			);
			name = "Copy Pods Resources";
			outputPaths = (
			);
			runOnlyForDeploymentPostprocessing = 0;
			shellPath = /bin/sh;
			shellScript = "\"${SRCROOT}/Pods/Target Support Files/Pods/Pods-resources.sh\"\n";
			showEnvVarsInLog = 0;
		};
		58CEA1D2555ADB67F8EE78DB /* Copy Pods Resources */ = {
			isa = PBXShellScriptBuildPhase;
			buildActionMask = 2147483647;
			files = (
			);
			inputPaths = (
			);
			name = "Copy Pods Resources";
			outputPaths = (
			);
			runOnlyForDeploymentPostprocessing = 0;
			shellPath = /bin/sh;
			shellScript = "\"${SRCROOT}/Pods/Target Support Files/Pods/Pods-resources.sh\"\n";
			showEnvVarsInLog = 0;
		};
		6C7B2BDD7EE9A379B6ABAC53 /* Check Pods Manifest.lock */ = {
			isa = PBXShellScriptBuildPhase;
			buildActionMask = 2147483647;
			files = (
			);
			inputPaths = (
			);
			name = "Check Pods Manifest.lock";
			outputPaths = (
			);
			runOnlyForDeploymentPostprocessing = 0;
			shellPath = /bin/sh;
			shellScript = "diff \"${PODS_ROOT}/../Podfile.lock\" \"${PODS_ROOT}/Manifest.lock\" > /dev/null\nif [[ $? != 0 ]] ; then\n    cat << EOM\nerror: The sandbox is not in sync with the Podfile.lock. Run 'pod install' or update your CocoaPods installation.\nEOM\n    exit 1\nfi\n";
			showEnvVarsInLog = 0;
		};
		77E712DC985D1D5965A4C0B8 /* Embed Pods Frameworks */ = {
			isa = PBXShellScriptBuildPhase;
			buildActionMask = 2147483647;
			files = (
			);
			inputPaths = (
			);
			name = "Embed Pods Frameworks";
			outputPaths = (
			);
			runOnlyForDeploymentPostprocessing = 0;
			shellPath = /bin/sh;
			shellScript = "\"${SRCROOT}/Pods/Target Support Files/Pods/Pods-frameworks.sh\"\n";
			showEnvVarsInLog = 0;
		};
		AC931522F3D058E80DFF80A7 /* Copy Pods Resources */ = {
			isa = PBXShellScriptBuildPhase;
			buildActionMask = 2147483647;
			files = (
			);
			inputPaths = (
			);
			name = "Copy Pods Resources";
			outputPaths = (
			);
			runOnlyForDeploymentPostprocessing = 0;
			shellPath = /bin/sh;
			shellScript = "\"${SRCROOT}/Pods/Target Support Files/Pods/Pods-resources.sh\"\n";
			showEnvVarsInLog = 0;
		};
		B2CC63F9531943790FDCA5EF /* Check Pods Manifest.lock */ = {
			isa = PBXShellScriptBuildPhase;
			buildActionMask = 2147483647;
			files = (
			);
			inputPaths = (
			);
			name = "Check Pods Manifest.lock";
			outputPaths = (
			);
			runOnlyForDeploymentPostprocessing = 0;
			shellPath = /bin/sh;
			shellScript = "diff \"${PODS_ROOT}/../Podfile.lock\" \"${PODS_ROOT}/Manifest.lock\" > /dev/null\nif [[ $? != 0 ]] ; then\n    cat << EOM\nerror: The sandbox is not in sync with the Podfile.lock. Run 'pod install' or update your CocoaPods installation.\nEOM\n    exit 1\nfi\n";
			showEnvVarsInLog = 0;
		};
		BB699D27869693DCBC3CB6F3 /* Check Pods Manifest.lock */ = {
			isa = PBXShellScriptBuildPhase;
			buildActionMask = 2147483647;
			files = (
			);
			inputPaths = (
			);
			name = "Check Pods Manifest.lock";
			outputPaths = (
			);
			runOnlyForDeploymentPostprocessing = 0;
			shellPath = /bin/sh;
			shellScript = "diff \"${PODS_ROOT}/../Podfile.lock\" \"${PODS_ROOT}/Manifest.lock\" > /dev/null\nif [[ $? != 0 ]] ; then\n    cat << EOM\nerror: The sandbox is not in sync with the Podfile.lock. Run 'pod install' or update your CocoaPods installation.\nEOM\n    exit 1\nfi\n";
			showEnvVarsInLog = 0;
		};
/* End PBXShellScriptBuildPhase section */

/* Begin PBXSourcesBuildPhase section */
		FB01DEE61BE4088600E240E7 /* Sources */ = {
			isa = PBXSourcesBuildPhase;
			buildActionMask = 2147483647;
			files = (
				FBCCBB231BEC4F50004F3727 /* DesignableImageView.swift in Sources */,
				FBCCBB251BEC4F50004F3727 /* DesignableTabBarController.swift in Sources */,
				FBCCBB2F1BEC4F50004F3727 /* Spring.swift in Sources */,
				FB61E8331BED12490006C8E1 /* ECBTabBarCtrl.m in Sources */,
				FB61E84B1BED26C80006C8E1 /* ECBLinkedStoryboardSegue.m in Sources */,
				FBCCBB541BEC6467004F3727 /* ECBActivityButton.m in Sources */,
				FBCCBB381BEC4F50004F3727 /* TransitionZoom.swift in Sources */,
				FBFC860C1BEBEEFC00FAA006 /* ECBAppColorScheme.m in Sources */,
				FBCCBB271BEC4F50004F3727 /* DesignableTextView.swift in Sources */,
				FB01DEF21BE4088600E240E7 /* ECBAppDelegate.m in Sources */,
				FBCCBB2D1BEC4F50004F3727 /* Misc.swift in Sources */,
				FBCCBB2B1BEC4F50004F3727 /* LoadingView.swift in Sources */,
				FB01DEEF1BE4088600E240E7 /* main.m in Sources */,
				FBCCBB361BEC4F50004F3727 /* SpringView.swift in Sources */,
				FB61E84F1BED2B660006C8E1 /* ECBAppConstants.m in Sources */,
				FBCCBB211BEC4F50004F3727 /* BlurView.swift in Sources */,
				FBCCBB281BEC4F50004F3727 /* DesignableView.swift in Sources */,
				FBCCBB351BEC4F50004F3727 /* SpringTextView.swift in Sources */,
				FBCCBB341BEC4F50004F3727 /* SpringTextField.swift in Sources */,
				FBCCBB2E1BEC4F50004F3727 /* SoundPlayer.swift in Sources */,
				FBCCBB291BEC4F50004F3727 /* ImageLoader.swift in Sources */,
				FB61E8431BED24EF0006C8E1 /* ECBAuthViewCtrl.m in Sources */,
				FB61E8401BED1B460006C8E1 /* ECBSignUpViewCtrl.m in Sources */,
				FBCCBB201BEC4F50004F3727 /* AutoTextView.swift in Sources */,
				FBCCBB391BEC4F50004F3727 /* UnwindSegue.swift in Sources */,
				FBCCBB1F1BEC4F50004F3727 /* AsyncImageView.swift in Sources */,
				FBCCBB301BEC4F50004F3727 /* SpringAnimation.swift in Sources */,
				FBCCBB2A1BEC4F50004F3727 /* KeyboardLayoutConstraint.swift in Sources */,
				FB8B309A1BEE7700000424B3 /* ECBButton.m in Sources */,
				FBCCBB261BEC4F50004F3727 /* DesignableTextField.swift in Sources */,
				FB61E83F1BED1B460006C8E1 /* ECBLoginViewCtrl.m in Sources */,
				FB61E82C1BECF57C0006C8E1 /* ECBAppColor.m in Sources */,
				FB61E8391BED1B250006C8E1 /* ECBProfileViewCtrl.m in Sources */,
				FB8B30941BEE7381000424B3 /* ECBNotificationsViewCtrl.m in Sources */,
				FBCCBB371BEC4F50004F3727 /* TransitionManager.swift in Sources */,
				FB8B308A1BEE6ABC000424B3 /* ECBBaseNavViewCtrl.m in Sources */,
				FBCCBB1E1BEC4F50004F3727 /* AsyncButton.swift in Sources */,
				FB01DEFB1BE4088600E240E7 /* eComBid.xcdatamodeld in Sources */,
				FBCCBB331BEC4F50004F3727 /* SpringLabel.swift in Sources */,
				FB61E82F1BECF7110006C8E1 /* ECBAppFont.m in Sources */,
				FB61E8291BECF4970006C8E1 /* ECBThemeManager.m in Sources */,
				FB8B30871BEE573F000424B3 /* ECBBaseViewCtrl.m in Sources */,
				FBCCBB321BEC4F50004F3727 /* SpringImageView.swift in Sources */,
				FBCCBB241BEC4F50004F3727 /* DesignableLabel.swift in Sources */,
				FB8B308D1BEE722A000424B3 /* ECBGeneralSalesViewCtrl.m in Sources */,
				FBCCBB311BEC4F50004F3727 /* SpringButton.swift in Sources */,
				FB8B30971BEE766A000424B3 /* ECBUXUtils.m in Sources */,
				FBCCBB221BEC4F50004F3727 /* DesignableButton.swift in Sources */,
			);
			runOnlyForDeploymentPostprocessing = 0;
		};
		FB01DF021BE4088600E240E7 /* Sources */ = {
			isa = PBXSourcesBuildPhase;
			buildActionMask = 2147483647;
			files = (
				FB01DF0B1BE4088600E240E7 /* eComBidTests.m in Sources */,
			);
			runOnlyForDeploymentPostprocessing = 0;
		};
		FB01DF0D1BE4088600E240E7 /* Sources */ = {
			isa = PBXSourcesBuildPhase;
			buildActionMask = 2147483647;
			files = (
				FB01DF161BE4088600E240E7 /* eComBidUITests.m in Sources */,
			);
			runOnlyForDeploymentPostprocessing = 0;
		};
/* End PBXSourcesBuildPhase section */

/* Begin PBXTargetDependency section */
		FB01DF081BE4088600E240E7 /* PBXTargetDependency */ = {
			isa = PBXTargetDependency;
			target = FB01DEE91BE4088600E240E7 /* eComBid */;
			targetProxy = FB01DF071BE4088600E240E7 /* PBXContainerItemProxy */;
		};
		FB01DF131BE4088600E240E7 /* PBXTargetDependency */ = {
			isa = PBXTargetDependency;
			target = FB01DEE91BE4088600E240E7 /* eComBid */;
			targetProxy = FB01DF121BE4088600E240E7 /* PBXContainerItemProxy */;
		};
/* End PBXTargetDependency section */

/* Begin PBXVariantGroup section */
		FBCCBB6D1BECE3F5004F3727 /* Localizable.strings */ = {
			isa = PBXVariantGroup;
			children = (
				FBCCBB6C1BECE3F5004F3727 /* Base */,
				FBCCBB6E1BECE402004F3727 /* vi */,
			);
			name = Localizable.strings;
			sourceTree = "<group>";
		};
/* End PBXVariantGroup section */

/* Begin XCBuildConfiguration section */
		FB01DF181BE4088600E240E7 /* Debug */ = {
			isa = XCBuildConfiguration;
			buildSettings = {
				ALWAYS_SEARCH_USER_PATHS = NO;
				CLANG_CXX_LANGUAGE_STANDARD = "gnu++0x";
				CLANG_CXX_LIBRARY = "libc++";
				CLANG_ENABLE_MODULES = YES;
				CLANG_ENABLE_OBJC_ARC = YES;
				CLANG_WARN_BOOL_CONVERSION = YES;
				CLANG_WARN_CONSTANT_CONVERSION = YES;
				CLANG_WARN_DIRECT_OBJC_ISA_USAGE = YES_ERROR;
				CLANG_WARN_EMPTY_BODY = YES;
				CLANG_WARN_ENUM_CONVERSION = YES;
				CLANG_WARN_INT_CONVERSION = YES;
				CLANG_WARN_OBJC_ROOT_CLASS = YES_ERROR;
				CLANG_WARN_UNREACHABLE_CODE = YES;
				CLANG_WARN__DUPLICATE_METHOD_MATCH = YES;
				"CODE_SIGN_IDENTITY[sdk=iphoneos*]" = "iPhone Developer";
				COPY_PHASE_STRIP = NO;
				DEBUG_INFORMATION_FORMAT = dwarf;
				ENABLE_STRICT_OBJC_MSGSEND = YES;
				ENABLE_TESTABILITY = YES;
				GCC_C_LANGUAGE_STANDARD = gnu99;
				GCC_DYNAMIC_NO_PIC = NO;
				GCC_NO_COMMON_BLOCKS = YES;
				GCC_OPTIMIZATION_LEVEL = 0;
				GCC_PREPROCESSOR_DEFINITIONS = (
					"DEBUG=1",
					"$(inherited)",
				);
				GCC_WARN_64_TO_32_BIT_CONVERSION = YES;
				GCC_WARN_ABOUT_RETURN_TYPE = YES_ERROR;
				GCC_WARN_UNDECLARED_SELECTOR = YES;
				GCC_WARN_UNINITIALIZED_AUTOS = YES_AGGRESSIVE;
				GCC_WARN_UNUSED_FUNCTION = YES;
				GCC_WARN_UNUSED_VARIABLE = YES;
				IPHONEOS_DEPLOYMENT_TARGET = 9.1;
				MTL_ENABLE_DEBUG_INFO = YES;
				ONLY_ACTIVE_ARCH = YES;
				SDKROOT = iphoneos;
			};
			name = Debug;
		};
		FB01DF191BE4088600E240E7 /* Release */ = {
			isa = XCBuildConfiguration;
			buildSettings = {
				ALWAYS_SEARCH_USER_PATHS = NO;
				CLANG_CXX_LANGUAGE_STANDARD = "gnu++0x";
				CLANG_CXX_LIBRARY = "libc++";
				CLANG_ENABLE_MODULES = YES;
				CLANG_ENABLE_OBJC_ARC = YES;
				CLANG_WARN_BOOL_CONVERSION = YES;
				CLANG_WARN_CONSTANT_CONVERSION = YES;
				CLANG_WARN_DIRECT_OBJC_ISA_USAGE = YES_ERROR;
				CLANG_WARN_EMPTY_BODY = YES;
				CLANG_WARN_ENUM_CONVERSION = YES;
				CLANG_WARN_INT_CONVERSION = YES;
				CLANG_WARN_OBJC_ROOT_CLASS = YES_ERROR;
				CLANG_WARN_UNREACHABLE_CODE = YES;
				CLANG_WARN__DUPLICATE_METHOD_MATCH = YES;
				"CODE_SIGN_IDENTITY[sdk=iphoneos*]" = "iPhone Developer";
				COPY_PHASE_STRIP = NO;
				DEBUG_INFORMATION_FORMAT = "dwarf-with-dsym";
				ENABLE_NS_ASSERTIONS = NO;
				ENABLE_STRICT_OBJC_MSGSEND = YES;
				GCC_C_LANGUAGE_STANDARD = gnu99;
				GCC_NO_COMMON_BLOCKS = YES;
				GCC_WARN_64_TO_32_BIT_CONVERSION = YES;
				GCC_WARN_ABOUT_RETURN_TYPE = YES_ERROR;
				GCC_WARN_UNDECLARED_SELECTOR = YES;
				GCC_WARN_UNINITIALIZED_AUTOS = YES_AGGRESSIVE;
				GCC_WARN_UNUSED_FUNCTION = YES;
				GCC_WARN_UNUSED_VARIABLE = YES;
				IPHONEOS_DEPLOYMENT_TARGET = 9.1;
				MTL_ENABLE_DEBUG_INFO = NO;
				SDKROOT = iphoneos;
				VALIDATE_PRODUCT = YES;
			};
			name = Release;
		};
		FB01DF1B1BE4088600E240E7 /* Debug */ = {
			isa = XCBuildConfiguration;
			baseConfigurationReference = A4629AE44BE403C7593FA71E /* Pods.debug.xcconfig */;
			buildSettings = {
				ASSETCATALOG_COMPILER_APPICON_NAME = AppIcon;
				CODE_SIGN_IDENTITY = "iPhone Developer";
				GCC_PRECOMPILE_PREFIX_HEADER = YES;
				GCC_PREFIX_HEADER = "${SRCROOT}/eComBid/Resources/ECBPrefixHeader.pch";
				INFOPLIST_FILE = "$(SRCROOT)/eComBid/Resources/ECBInfo.plist";
				IPHONEOS_DEPLOYMENT_TARGET = 8.0;
				LD_RUNPATH_SEARCH_PATHS = "$(inherited) @executable_path/Frameworks";
				PRODUCT_BUNDLE_IDENTIFIER = com.ecombid.eComBid;
				PRODUCT_NAME = "$(TARGET_NAME)";
			};
			name = Debug;
		};
		FB01DF1C1BE4088600E240E7 /* Release */ = {
			isa = XCBuildConfiguration;
			baseConfigurationReference = 7FB2DB72D470330E80AC2711 /* Pods.release.xcconfig */;
			buildSettings = {
				ASSETCATALOG_COMPILER_APPICON_NAME = AppIcon;
				CODE_SIGN_IDENTITY = "iPhone Developer";
				GCC_PRECOMPILE_PREFIX_HEADER = YES;
				GCC_PREFIX_HEADER = "${SRCROOT}/eComBid/Resources/ECBPrefixHeader.pch";
				INFOPLIST_FILE = "$(SRCROOT)/eComBid/Resources/ECBInfo.plist";
				IPHONEOS_DEPLOYMENT_TARGET = 8.0;
				LD_RUNPATH_SEARCH_PATHS = "$(inherited) @executable_path/Frameworks";
				PRODUCT_BUNDLE_IDENTIFIER = com.ecombid.eComBid;
				PRODUCT_NAME = "$(TARGET_NAME)";
			};
			name = Release;
		};
		FB01DF1E1BE4088600E240E7 /* Debug */ = {
			isa = XCBuildConfiguration;
			baseConfigurationReference = A4629AE44BE403C7593FA71E /* Pods.debug.xcconfig */;
			buildSettings = {
				BUNDLE_LOADER = "$(TEST_HOST)";
				INFOPLIST_FILE = eComBidTests/Info.plist;
				LD_RUNPATH_SEARCH_PATHS = "$(inherited) @executable_path/Frameworks @loader_path/Frameworks";
				PRODUCT_BUNDLE_IDENTIFIER = com.ecombid.eComBidTests;
				PRODUCT_NAME = "$(TARGET_NAME)";
				TEST_HOST = "$(BUILT_PRODUCTS_DIR)/eComBid.app/eComBid";
			};
			name = Debug;
		};
		FB01DF1F1BE4088600E240E7 /* Release */ = {
			isa = XCBuildConfiguration;
			baseConfigurationReference = 7FB2DB72D470330E80AC2711 /* Pods.release.xcconfig */;
			buildSettings = {
				BUNDLE_LOADER = "$(TEST_HOST)";
				INFOPLIST_FILE = eComBidTests/Info.plist;
				LD_RUNPATH_SEARCH_PATHS = "$(inherited) @executable_path/Frameworks @loader_path/Frameworks";
				PRODUCT_BUNDLE_IDENTIFIER = com.ecombid.eComBidTests;
				PRODUCT_NAME = "$(TARGET_NAME)";
				TEST_HOST = "$(BUILT_PRODUCTS_DIR)/eComBid.app/eComBid";
			};
			name = Release;
		};
		FB01DF211BE4088600E240E7 /* Debug */ = {
			isa = XCBuildConfiguration;
			baseConfigurationReference = A4629AE44BE403C7593FA71E /* Pods.debug.xcconfig */;
			buildSettings = {
				INFOPLIST_FILE = eComBidUITests/Info.plist;
				LD_RUNPATH_SEARCH_PATHS = "$(inherited) @executable_path/Frameworks @loader_path/Frameworks";
				PRODUCT_BUNDLE_IDENTIFIER = com.ecombid.eComBidUITests;
				PRODUCT_NAME = "$(TARGET_NAME)";
				TEST_TARGET_NAME = eComBid;
				USES_XCTRUNNER = YES;
			};
			name = Debug;
		};
		FB01DF221BE4088600E240E7 /* Release */ = {
			isa = XCBuildConfiguration;
			baseConfigurationReference = 7FB2DB72D470330E80AC2711 /* Pods.release.xcconfig */;
			buildSettings = {
				INFOPLIST_FILE = eComBidUITests/Info.plist;
				LD_RUNPATH_SEARCH_PATHS = "$(inherited) @executable_path/Frameworks @loader_path/Frameworks";
				PRODUCT_BUNDLE_IDENTIFIER = com.ecombid.eComBidUITests;
				PRODUCT_NAME = "$(TARGET_NAME)";
				TEST_TARGET_NAME = eComBid;
				USES_XCTRUNNER = YES;
			};
			name = Release;
		};
/* End XCBuildConfiguration section */

/* Begin XCConfigurationList section */
		FB01DEE51BE4088600E240E7 /* Build configuration list for PBXProject "eComBid" */ = {
			isa = XCConfigurationList;
			buildConfigurations = (
				FB01DF181BE4088600E240E7 /* Debug */,
				FB01DF191BE4088600E240E7 /* Release */,
			);
			defaultConfigurationIsVisible = 0;
			defaultConfigurationName = Release;
		};
		FB01DF1A1BE4088600E240E7 /* Build configuration list for PBXNativeTarget "eComBid" */ = {
			isa = XCConfigurationList;
			buildConfigurations = (
				FB01DF1B1BE4088600E240E7 /* Debug */,
				FB01DF1C1BE4088600E240E7 /* Release */,
			);
			defaultConfigurationIsVisible = 0;
			defaultConfigurationName = Release;
		};
		FB01DF1D1BE4088600E240E7 /* Build configuration list for PBXNativeTarget "eComBidTests" */ = {
			isa = XCConfigurationList;
			buildConfigurations = (
				FB01DF1E1BE4088600E240E7 /* Debug */,
				FB01DF1F1BE4088600E240E7 /* Release */,
			);
			defaultConfigurationIsVisible = 0;
			defaultConfigurationName = Release;
		};
		FB01DF201BE4088600E240E7 /* Build configuration list for PBXNativeTarget "eComBidUITests" */ = {
			isa = XCConfigurationList;
			buildConfigurations = (
				FB01DF211BE4088600E240E7 /* Debug */,
				FB01DF221BE4088600E240E7 /* Release */,
			);
			defaultConfigurationIsVisible = 0;
			defaultConfigurationName = Release;
		};
/* End XCConfigurationList section */

/* Begin XCVersionGroup section */
		FB01DEF91BE4088600E240E7 /* eComBid.xcdatamodeld */ = {
			isa = XCVersionGroup;
			children = (
				FB01DEFA1BE4088600E240E7 /* eComBid.xcdatamodel */,
			);
			currentVersion = FB01DEFA1BE4088600E240E7 /* eComBid.xcdatamodel */;
			path = eComBid.xcdatamodeld;
			sourceTree = "<group>";
			versionGroupType = wrapper.xcdatamodel;
		};
/* End XCVersionGroup section */
	};
	rootObject = FB01DEE21BE4088600E240E7 /* Project object */;
}
