// !$*UTF8*$!
{
	archiveVersion = 1;
	classes = {
	};
	objectVersion = 46;
	objects = {

/* Begin PBXBuildFile section */
		FB01DEEF1BE4088600E240E7 /* main.m in Sources */ = {isa = PBXBuildFile; fileRef = FB01DEEE1BE4088600E240E7 /* main.m */; };
		FB01DEF21BE4088600E240E7 /* AppDelegate.m in Sources */ = {isa = PBXBuildFile; fileRef = FB01DEF11BE4088600E240E7 /* AppDelegate.m */; };
		FB01DEF51BE4088600E240E7 /* ViewController.m in Sources */ = {isa = PBXBuildFile; fileRef = FB01DEF41BE4088600E240E7 /* ViewController.m */; };
		FB01DEF81BE4088600E240E7 /* Main.storyboard in Resources */ = {isa = PBXBuildFile; fileRef = FB01DEF61BE4088600E240E7 /* Main.storyboard */; };
		FB01DEFB1BE4088600E240E7 /* eComBid.xcdatamodeld in Sources */ = {isa = PBXBuildFile; fileRef = FB01DEF91BE4088600E240E7 /* eComBid.xcdatamodeld */; };
		FB01DEFD1BE4088600E240E7 /* Assets.xcassets in Resources */ = {isa = PBXBuildFile; fileRef = FB01DEFC1BE4088600E240E7 /* Assets.xcassets */; };
		FB01DF001BE4088600E240E7 /* LaunchScreen.storyboard in Resources */ = {isa = PBXBuildFile; fileRef = FB01DEFE1BE4088600E240E7 /* LaunchScreen.storyboard */; };
		FB01DF0B1BE4088600E240E7 /* eComBidTests.m in Sources */ = {isa = PBXBuildFile; fileRef = FB01DF0A1BE4088600E240E7 /* eComBidTests.m */; };
		FB01DF161BE4088600E240E7 /* eComBidUITests.m in Sources */ = {isa = PBXBuildFile; fileRef = FB01DF151BE4088600E240E7 /* eComBidUITests.m */; };
/* End PBXBuildFile section */

/* Begin PBXContainerItemProxy section */
		FB01DF071BE4088600E240E7 /* PBXContainerItemProxy */ = {
			isa = PBXContainerItemProxy;
			containerPortal = FB01DEE21BE4088600E240E7 /* Project object */;
			proxyType = 1;
			remoteGlobalIDString = FB01DEE91BE4088600E240E7;
			remoteInfo = eComBid;
		};
		FB01DF121BE4088600E240E7 /* PBXContainerItemProxy */ = {
			isa = PBXContainerItemProxy;
			containerPortal = FB01DEE21BE4088600E240E7 /* Project object */;
			proxyType = 1;
			remoteGlobalIDString = FB01DEE91BE4088600E240E7;
			remoteInfo = eComBid;
		};
/* End PBXContainerItemProxy section */

/* Begin PBXFileReference section */
		FB01DEEA1BE4088600E240E7 /* eComBid.app */ = {isa = PBXFileReference; explicitFileType = wrapper.application; includeInIndex = 0; path = eComBid.app; sourceTree = BUILT_PRODUCTS_DIR; };
		FB01DEEE1BE4088600E240E7 /* main.m */ = {isa = PBXFileReference; lastKnownFileType = sourcecode.c.objc; path = main.m; sourceTree = "<group>"; };
		FB01DEF01BE4088600E240E7 /* AppDelegate.h */ = {isa = PBXFileReference; lastKnownFileType = sourcecode.c.h; path = AppDelegate.h; sourceTree = "<group>"; };
		FB01DEF11BE4088600E240E7 /* AppDelegate.m */ = {isa = PBXFileReference; lastKnownFileType = sourcecode.c.objc; path = AppDelegate.m; sourceTree = "<group>"; };
		FB01DEF31BE4088600E240E7 /* ViewController.h */ = {isa = PBXFileReference; lastKnownFileType = sourcecode.c.h; path = ViewController.h; sourceTree = "<group>"; };
		FB01DEF41BE4088600E240E7 /* ViewController.m */ = {isa = PBXFileReference; lastKnownFileType = sourcecode.c.objc; path = ViewController.m; sourceTree = "<group>"; };
		FB01DEF71BE4088600E240E7 /* Base */ = {isa = PBXFileReference; lastKnownFileType = file.storyboard; name = Base; path = Base.lproj/Main.storyboard; sourceTree = "<group>"; };
		FB01DEFA1BE4088600E240E7 /* eComBid.xcdatamodel */ = {isa = PBXFileReference; lastKnownFileType = wrapper.xcdatamodel; path = eComBid.xcdatamodel; sourceTree = "<group>"; };
		FB01DEFC1BE4088600E240E7 /* Assets.xcassets */ = {isa = PBXFileReference; lastKnownFileType = folder.assetcatalog; path = Assets.xcassets; sourceTree = "<group>"; };
		FB01DEFF1BE4088600E240E7 /* Base */ = {isa = PBXFileReference; lastKnownFileType = file.storyboard; name = Base; path = Base.lproj/LaunchScreen.storyboard; sourceTree = "<group>"; };
		FB01DF011BE4088600E240E7 /* Info.plist */ = {isa = PBXFileReference; lastKnownFileType = text.plist.xml; path = Info.plist; sourceTree = "<group>"; };
		FB01DF061BE4088600E240E7 /* eComBidTests.xctest */ = {isa = PBXFileReference; explicitFileType = wrapper.cfbundle; includeInIndex = 0; path = eComBidTests.xctest; sourceTree = BUILT_PRODUCTS_DIR; };
		FB01DF0A1BE4088600E240E7 /* eComBidTests.m */ = {isa = PBXFileReference; lastKnownFileType = sourcecode.c.objc; path = eComBidTests.m; sourceTree = "<group>"; };
		FB01DF0C1BE4088600E240E7 /* Info.plist */ = {isa = PBXFileReference; lastKnownFileType = text.plist.xml; path = Info.plist; sourceTree = "<group>"; };
		FB01DF111BE4088600E240E7 /* eComBidUITests.xctest */ = {isa = PBXFileReference; explicitFileType = wrapper.cfbundle; includeInIndex = 0; path = eComBidUITests.xctest; sourceTree = BUILT_PRODUCTS_DIR; };
		FB01DF151BE4088600E240E7 /* eComBidUITests.m */ = {isa = PBXFileReference; lastKnownFileType = sourcecode.c.objc; path = eComBidUITests.m; sourceTree = "<group>"; };
		FB01DF171BE4088600E240E7 /* Info.plist */ = {isa = PBXFileReference; lastKnownFileType = text.plist.xml; path = Info.plist; sourceTree = "<group>"; };
/* End PBXFileReference section */

/* Begin PBXFrameworksBuildPhase section */
		FB01DEE71BE4088600E240E7 /* Frameworks */ = {
			isa = PBXFrameworksBuildPhase;
			buildActionMask = 2147483647;
			files = (
			);
			runOnlyForDeploymentPostprocessing = 0;
		};
		FB01DF031BE4088600E240E7 /* Frameworks */ = {
			isa = PBXFrameworksBuildPhase;
			buildActionMask = 2147483647;
			files = (
			);
			runOnlyForDeploymentPostprocessing = 0;
		};
		FB01DF0E1BE4088600E240E7 /* Frameworks */ = {
			isa = PBXFrameworksBuildPhase;
			buildActionMask = 2147483647;
			files = (
			);
			runOnlyForDeploymentPostprocessing = 0;
		};
/* End PBXFrameworksBuildPhase section */

/* Begin PBXGroup section */
		FB01DEE11BE4088600E240E7 = {
			isa = PBXGroup;
			children = (
				FB01DEEC1BE4088600E240E7 /* eComBid */,
				FB01DF091BE4088600E240E7 /* eComBidTests */,
				FB01DF141BE4088600E240E7 /* eComBidUITests */,
				FB01DEEB1BE4088600E240E7 /* Products */,
			);
			sourceTree = "<group>";
		};
		FB01DEEB1BE4088600E240E7 /* Products */ = {
			isa = PBXGroup;
			children = (
				FB01DEEA1BE4088600E240E7 /* eComBid.app */,
				FB01DF061BE4088600E240E7 /* eComBidTests.xctest */,
				FB01DF111BE4088600E240E7 /* eComBidUITests.xctest */,
			);
			name = Products;
			sourceTree = "<group>";
		};
		FB01DEEC1BE4088600E240E7 /* eComBid */ = {
			isa = PBXGroup;
			children = (
				FB01DEF01BE4088600E240E7 /* AppDelegate.h */,
				FB01DEF11BE4088600E240E7 /* AppDelegate.m */,
				FB01DEF31BE4088600E240E7 /* ViewController.h */,
				FB01DEF41BE4088600E240E7 /* ViewController.m */,
				FB01DEF61BE4088600E240E7 /* Main.storyboard */,
				FB01DEFC1BE4088600E240E7 /* Assets.xcassets */,
				FB01DEFE1BE4088600E240E7 /* LaunchScreen.storyboard */,
				FB01DF011BE4088600E240E7 /* Info.plist */,
				FB01DEF91BE4088600E240E7 /* eComBid.xcdatamodeld */,
				FB01DEED1BE4088600E240E7 /* Supporting Files */,
			);
			path = eComBid;
			sourceTree = "<group>";
		};
		FB01DEED1BE4088600E240E7 /* Supporting Files */ = {
			isa = PBXGroup;
			children = (
				FB01DEEE1BE4088600E240E7 /* main.m */,
			);
			name = "Supporting Files";
			sourceTree = "<group>";
		};
		FB01DF091BE4088600E240E7 /* eComBidTests */ = {
			isa = PBXGroup;
			children = (
				FB01DF0A1BE4088600E240E7 /* eComBidTests.m */,
				FB01DF0C1BE4088600E240E7 /* Info.plist */,
			);
			path = eComBidTests;
			sourceTree = "<group>";
		};
		FB01DF141BE4088600E240E7 /* eComBidUITests */ = {
			isa = PBXGroup;
			children = (
				FB01DF151BE4088600E240E7 /* eComBidUITests.m */,
				FB01DF171BE4088600E240E7 /* Info.plist */,
			);
			path = eComBidUITests;
			sourceTree = "<group>";
		};
/* End PBXGroup section */

/* Begin PBXNativeTarget section */
		FB01DEE91BE4088600E240E7 /* eComBid */ = {
			isa = PBXNativeTarget;
			buildConfigurationList = FB01DF1A1BE4088600E240E7 /* Build configuration list for PBXNativeTarget "eComBid" */;
			buildPhases = (
				FB01DEE61BE4088600E240E7 /* Sources */,
				FB01DEE71BE4088600E240E7 /* Frameworks */,
				FB01DEE81BE4088600E240E7 /* Resources */,
			);
			buildRules = (
			);
			dependencies = (
			);
			name = eComBid;
			productName = eComBid;
			productReference = FB01DEEA1BE4088600E240E7 /* eComBid.app */;
			productType = "com.apple.product-type.application";
		};
		FB01DF051BE4088600E240E7 /* eComBidTests */ = {
			isa = PBXNativeTarget;
			buildConfigurationList = FB01DF1D1BE4088600E240E7 /* Build configuration list for PBXNativeTarget "eComBidTests" */;
			buildPhases = (
				FB01DF021BE4088600E240E7 /* Sources */,
				FB01DF031BE4088600E240E7 /* Frameworks */,
				FB01DF041BE4088600E240E7 /* Resources */,
			);
			buildRules = (
			);
			dependencies = (
				FB01DF081BE4088600E240E7 /* PBXTargetDependency */,
			);
			name = eComBidTests;
			productName = eComBidTests;
			productReference = FB01DF061BE4088600E240E7 /* eComBidTests.xctest */;
			productType = "com.apple.product-type.bundle.unit-test";
		};
		FB01DF101BE4088600E240E7 /* eComBidUITests */ = {
			isa = PBXNativeTarget;
			buildConfigurationList = FB01DF201BE4088600E240E7 /* Build configuration list for PBXNativeTarget "eComBidUITests" */;
			buildPhases = (
				FB01DF0D1BE4088600E240E7 /* Sources */,
				FB01DF0E1BE4088600E240E7 /* Frameworks */,
				FB01DF0F1BE4088600E240E7 /* Resources */,
			);
			buildRules = (
			);
			dependencies = (
				FB01DF131BE4088600E240E7 /* PBXTargetDependency */,
			);
			name = eComBidUITests;
			productName = eComBidUITests;
			productReference = FB01DF111BE4088600E240E7 /* eComBidUITests.xctest */;
			productType = "com.apple.product-type.bundle.ui-testing";
		};
/* End PBXNativeTarget section */

/* Begin PBXProject section */
		FB01DEE21BE4088600E240E7 /* Project object */ = {
			isa = PBXProject;
			attributes = {
				LastUpgradeCheck = 0710;
				ORGANIZATIONNAME = "ECOMBID, INC.";
				TargetAttributes = {
					FB01DEE91BE4088600E240E7 = {
						CreatedOnToolsVersion = 7.1;
					};
					FB01DF051BE4088600E240E7 = {
						CreatedOnToolsVersion = 7.1;
						TestTargetID = FB01DEE91BE4088600E240E7;
					};
					FB01DF101BE4088600E240E7 = {
						CreatedOnToolsVersion = 7.1;
						TestTargetID = FB01DEE91BE4088600E240E7;
					};
				};
			};
			buildConfigurationList = FB01DEE51BE4088600E240E7 /* Build configuration list for PBXProject "eComBid" */;
			compatibilityVersion = "Xcode 3.2";
			developmentRegion = English;
			hasScannedForEncodings = 0;
			knownRegions = (
				en,
				Base,
			);
			mainGroup = FB01DEE11BE4088600E240E7;
			productRefGroup = FB01DEEB1BE4088600E240E7 /* Products */;
			projectDirPath = "";
			projectRoot = "";
			targets = (
				FB01DEE91BE4088600E240E7 /* eComBid */,
				FB01DF051BE4088600E240E7 /* eComBidTests */,
				FB01DF101BE4088600E240E7 /* eComBidUITests */,
			);
		};
/* End PBXProject section */

/* Begin PBXResourcesBuildPhase section */
		FB01DEE81BE4088600E240E7 /* Resources */ = {
			isa = PBXResourcesBuildPhase;
			buildActionMask = 2147483647;
			files = (
				FB01DF001BE4088600E240E7 /* LaunchScreen.storyboard in Resources */,
				FB01DEFD1BE4088600E240E7 /* Assets.xcassets in Resources */,
				FB01DEF81BE4088600E240E7 /* Main.storyboard in Resources */,
			);
			runOnlyForDeploymentPostprocessing = 0;
		};
		FB01DF041BE4088600E240E7 /* Resources */ = {
			isa = PBXResourcesBuildPhase;
			buildActionMask = 2147483647;
			files = (
			);
			runOnlyForDeploymentPostprocessing = 0;
		};
		FB01DF0F1BE4088600E240E7 /* Resources */ = {
			isa = PBXResourcesBuildPhase;
			buildActionMask = 2147483647;
			files = (
			);
			runOnlyForDeploymentPostprocessing = 0;
		};
/* End PBXResourcesBuildPhase section */

/* Begin PBXSourcesBuildPhase section */
		FB01DEE61BE4088600E240E7 /* Sources */ = {
			isa = PBXSourcesBuildPhase;
			buildActionMask = 2147483647;
			files = (
				FB01DEF51BE4088600E240E7 /* ViewController.m in Sources */,
				FB01DEF21BE4088600E240E7 /* AppDelegate.m in Sources */,
				FB01DEEF1BE4088600E240E7 /* main.m in Sources */,
				FB01DEFB1BE4088600E240E7 /* eComBid.xcdatamodeld in Sources */,
			);
			runOnlyForDeploymentPostprocessing = 0;
		};
		FB01DF021BE4088600E240E7 /* Sources */ = {
			isa = PBXSourcesBuildPhase;
			buildActionMask = 2147483647;
			files = (
				FB01DF0B1BE4088600E240E7 /* eComBidTests.m in Sources */,
			);
			runOnlyForDeploymentPostprocessing = 0;
		};
		FB01DF0D1BE4088600E240E7 /* Sources */ = {
			isa = PBXSourcesBuildPhase;
			buildActionMask = 2147483647;
			files = (
				FB01DF161BE4088600E240E7 /* eComBidUITests.m in Sources */,
			);
			runOnlyForDeploymentPostprocessing = 0;
		};
/* End PBXSourcesBuildPhase section */

/* Begin PBXTargetDependency section */
		FB01DF081BE4088600E240E7 /* PBXTargetDependency */ = {
			isa = PBXTargetDependency;
			target = FB01DEE91BE4088600E240E7 /* eComBid */;
			targetProxy = FB01DF071BE4088600E240E7 /* PBXContainerItemProxy */;
		};
		FB01DF131BE4088600E240E7 /* PBXTargetDependency */ = {
			isa = PBXTargetDependency;
			target = FB01DEE91BE4088600E240E7 /* eComBid */;
			targetProxy = FB01DF121BE4088600E240E7 /* PBXContainerItemProxy */;
		};
/* End PBXTargetDependency section */

/* Begin PBXVariantGroup section */
		FB01DEF61BE4088600E240E7 /* Main.storyboard */ = {
			isa = PBXVariantGroup;
			children = (
				FB01DEF71BE4088600E240E7 /* Base */,
			);
			name = Main.storyboard;
			sourceTree = "<group>";
		};
		FB01DEFE1BE4088600E240E7 /* LaunchScreen.storyboard */ = {
			isa = PBXVariantGroup;
			children = (
				FB01DEFF1BE4088600E240E7 /* Base */,
			);
			name = LaunchScreen.storyboard;
			sourceTree = "<group>";
		};
/* End PBXVariantGroup section */

/* Begin XCBuildConfiguration section */
		FB01DF181BE4088600E240E7 /* Debug */ = {
			isa = XCBuildConfiguration;
			buildSettings = {
				ALWAYS_SEARCH_USER_PATHS = NO;
				CLANG_CXX_LANGUAGE_STANDARD = "gnu++0x";
				CLANG_CXX_LIBRARY = "libc++";
				CLANG_ENABLE_MODULES = YES;
				CLANG_ENABLE_OBJC_ARC = YES;
				CLANG_WARN_BOOL_CONVERSION = YES;
				CLANG_WARN_CONSTANT_CONVERSION = YES;
				CLANG_WARN_DIRECT_OBJC_ISA_USAGE = YES_ERROR;
				CLANG_WARN_EMPTY_BODY = YES;
				CLANG_WARN_ENUM_CONVERSION = YES;
				CLANG_WARN_INT_CONVERSION = YES;
				CLANG_WARN_OBJC_ROOT_CLASS = YES_ERROR;
				CLANG_WARN_UNREACHABLE_CODE = YES;
				CLANG_WARN__DUPLICATE_METHOD_MATCH = YES;
				"CODE_SIGN_IDENTITY[sdk=iphoneos*]" = "iPhone Developer";
				COPY_PHASE_STRIP = NO;
				DEBUG_INFORMATION_FORMAT = dwarf;
				ENABLE_STRICT_OBJC_MSGSEND = YES;
				ENABLE_TESTABILITY = YES;
				GCC_C_LANGUAGE_STANDARD = gnu99;
				GCC_DYNAMIC_NO_PIC = NO;
				GCC_NO_COMMON_BLOCKS = YES;
				GCC_OPTIMIZATION_LEVEL = 0;
				GCC_PREPROCESSOR_DEFINITIONS = (
					"DEBUG=1",
					"$(inherited)",
				);
				GCC_WARN_64_TO_32_BIT_CONVERSION = YES;
				GCC_WARN_ABOUT_RETURN_TYPE = YES_ERROR;
				GCC_WARN_UNDECLARED_SELECTOR = YES;
				GCC_WARN_UNINITIALIZED_AUTOS = YES_AGGRESSIVE;
				GCC_WARN_UNUSED_FUNCTION = YES;
				GCC_WARN_UNUSED_VARIABLE = YES;
				IPHONEOS_DEPLOYMENT_TARGET = 9.1;
				MTL_ENABLE_DEBUG_INFO = YES;
				ONLY_ACTIVE_ARCH = YES;
				SDKROOT = iphoneos;
			};
			name = Debug;
		};
		FB01DF191BE4088600E240E7 /* Release */ = {
			isa = XCBuildConfiguration;
			buildSettings = {
				ALWAYS_SEARCH_USER_PATHS = NO;
				CLANG_CXX_LANGUAGE_STANDARD = "gnu++0x";
				CLANG_CXX_LIBRARY = "libc++";
				CLANG_ENABLE_MODULES = YES;
				CLANG_ENABLE_OBJC_ARC = YES;
				CLANG_WARN_BOOL_CONVERSION = YES;
				CLANG_WARN_CONSTANT_CONVERSION = YES;
				CLANG_WARN_DIRECT_OBJC_ISA_USAGE = YES_ERROR;
				CLANG_WARN_EMPTY_BODY = YES;
				CLANG_WARN_ENUM_CONVERSION = YES;
				CLANG_WARN_INT_CONVERSION = YES;
				CLANG_WARN_OBJC_ROOT_CLASS = YES_ERROR;
				CLANG_WARN_UNREACHABLE_CODE = YES;
				CLANG_WARN__DUPLICATE_METHOD_MATCH = YES;
				"CODE_SIGN_IDENTITY[sdk=iphoneos*]" = "iPhone Developer";
				COPY_PHASE_STRIP = NO;
				DEBUG_INFORMATION_FORMAT = "dwarf-with-dsym";
				ENABLE_NS_ASSERTIONS = NO;
				ENABLE_STRICT_OBJC_MSGSEND = YES;
				GCC_C_LANGUAGE_STANDARD = gnu99;
				GCC_NO_COMMON_BLOCKS = YES;
				GCC_WARN_64_TO_32_BIT_CONVERSION = YES;
				GCC_WARN_ABOUT_RETURN_TYPE = YES_ERROR;
				GCC_WARN_UNDECLARED_SELECTOR = YES;
				GCC_WARN_UNINITIALIZED_AUTOS = YES_AGGRESSIVE;
				GCC_WARN_UNUSED_FUNCTION = YES;
				GCC_WARN_UNUSED_VARIABLE = YES;
				IPHONEOS_DEPLOYMENT_TARGET = 9.1;
				MTL_ENABLE_DEBUG_INFO = NO;
				SDKROOT = iphoneos;
				VALIDATE_PRODUCT = YES;
			};
			name = Release;
		};
		FB01DF1B1BE4088600E240E7 /* Debug */ = {
			isa = XCBuildConfiguration;
			buildSettings = {
				ASSETCATALOG_COMPILER_APPICON_NAME = AppIcon;
				INFOPLIST_FILE = eComBid/Info.plist;
				IPHONEOS_DEPLOYMENT_TARGET = 8.0;
				LD_RUNPATH_SEARCH_PATHS = "$(inherited) @executable_path/Frameworks";
				PRODUCT_BUNDLE_IDENTIFIER = com.ecombid.eComBid;
				PRODUCT_NAME = "$(TARGET_NAME)";
			};
			name = Debug;
		};
		FB01DF1C1BE4088600E240E7 /* Release */ = {
			isa = XCBuildConfiguration;
			buildSettings = {
				ASSETCATALOG_COMPILER_APPICON_NAME = AppIcon;
				INFOPLIST_FILE = eComBid/Info.plist;
				IPHONEOS_DEPLOYMENT_TARGET = 8.0;
				LD_RUNPATH_SEARCH_PATHS = "$(inherited) @executable_path/Frameworks";
				PRODUCT_BUNDLE_IDENTIFIER = com.ecombid.eComBid;
				PRODUCT_NAME = "$(TARGET_NAME)";
			};
			name = Release;
		};
		FB01DF1E1BE4088600E240E7 /* Debug */ = {
			isa = XCBuildConfiguration;
			buildSettings = {
				BUNDLE_LOADER = "$(TEST_HOST)";
				INFOPLIST_FILE = eComBidTests/Info.plist;
				LD_RUNPATH_SEARCH_PATHS = "$(inherited) @executable_path/Frameworks @loader_path/Frameworks";
				PRODUCT_BUNDLE_IDENTIFIER = com.ecombid.eComBidTests;
				PRODUCT_NAME = "$(TARGET_NAME)";
				TEST_HOST = "$(BUILT_PRODUCTS_DIR)/eComBid.app/eComBid";
			};
			name = Debug;
		};
		FB01DF1F1BE4088600E240E7 /* Release */ = {
			isa = XCBuildConfiguration;
			buildSettings = {
				BUNDLE_LOADER = "$(TEST_HOST)";
				INFOPLIST_FILE = eComBidTests/Info.plist;
				LD_RUNPATH_SEARCH_PATHS = "$(inherited) @executable_path/Frameworks @loader_path/Frameworks";
				PRODUCT_BUNDLE_IDENTIFIER = com.ecombid.eComBidTests;
				PRODUCT_NAME = "$(TARGET_NAME)";
				TEST_HOST = "$(BUILT_PRODUCTS_DIR)/eComBid.app/eComBid";
			};
			name = Release;
		};
		FB01DF211BE4088600E240E7 /* Debug */ = {
			isa = XCBuildConfiguration;
			buildSettings = {
				INFOPLIST_FILE = eComBidUITests/Info.plist;
				LD_RUNPATH_SEARCH_PATHS = "$(inherited) @executable_path/Frameworks @loader_path/Frameworks";
				PRODUCT_BUNDLE_IDENTIFIER = com.ecombid.eComBidUITests;
				PRODUCT_NAME = "$(TARGET_NAME)";
				TEST_TARGET_NAME = eComBid;
				USES_XCTRUNNER = YES;
			};
			name = Debug;
		};
		FB01DF221BE4088600E240E7 /* Release */ = {
			isa = XCBuildConfiguration;
			buildSettings = {
				INFOPLIST_FILE = eComBidUITests/Info.plist;
				LD_RUNPATH_SEARCH_PATHS = "$(inherited) @executable_path/Frameworks @loader_path/Frameworks";
				PRODUCT_BUNDLE_IDENTIFIER = com.ecombid.eComBidUITests;
				PRODUCT_NAME = "$(TARGET_NAME)";
				TEST_TARGET_NAME = eComBid;
				USES_XCTRUNNER = YES;
			};
			name = Release;
		};
/* End XCBuildConfiguration section */

/* Begin XCConfigurationList section */
		FB01DEE51BE4088600E240E7 /* Build configuration list for PBXProject "eComBid" */ = {
			isa = XCConfigurationList;
			buildConfigurations = (
				FB01DF181BE4088600E240E7 /* Debug */,
				FB01DF191BE4088600E240E7 /* Release */,
			);
			defaultConfigurationIsVisible = 0;
			defaultConfigurationName = Release;
		};
		FB01DF1A1BE4088600E240E7 /* Build configuration list for PBXNativeTarget "eComBid" */ = {
			isa = XCConfigurationList;
			buildConfigurations = (
				FB01DF1B1BE4088600E240E7 /* Debug */,
				FB01DF1C1BE4088600E240E7 /* Release */,
			);
			defaultConfigurationIsVisible = 0;
		};
		FB01DF1D1BE4088600E240E7 /* Build configuration list for PBXNativeTarget "eComBidTests" */ = {
			isa = XCConfigurationList;
			buildConfigurations = (
				FB01DF1E1BE4088600E240E7 /* Debug */,
				FB01DF1F1BE4088600E240E7 /* Release */,
			);
			defaultConfigurationIsVisible = 0;
		};
		FB01DF201BE4088600E240E7 /* Build configuration list for PBXNativeTarget "eComBidUITests" */ = {
			isa = XCConfigurationList;
			buildConfigurations = (
				FB01DF211BE4088600E240E7 /* Debug */,
				FB01DF221BE4088600E240E7 /* Release */,
			);
			defaultConfigurationIsVisible = 0;
		};
/* End XCConfigurationList section */

/* Begin XCVersionGroup section */
		FB01DEF91BE4088600E240E7 /* eComBid.xcdatamodeld */ = {
			isa = XCVersionGroup;
			children = (
				FB01DEFA1BE4088600E240E7 /* eComBid.xcdatamodel */,
			);
			currentVersion = FB01DEFA1BE4088600E240E7 /* eComBid.xcdatamodel */;
			path = eComBid.xcdatamodeld;
			sourceTree = "<group>";
			versionGroupType = wrapper.xcdatamodel;
		};
/* End XCVersionGroup section */
	};
	rootObject = FB01DEE21BE4088600E240E7 /* Project object */;
}
